{
  "version": 4,
  "terraform_version": "1.3.7",
  "serial": 36,
  "lineage": "a441c193-22ea-706c-7c96-ccac240259eb",
  "outputs": {},
  "resources": [
    {
      "module": "module.lb[0]",
      "mode": "data",
      "type": "azurerm_subnet",
      "name": "hub",
      "provider": "provider[\"registry.terraform.io/hashicorp/azurerm\"]",
      "instances": [
        {
          "index_key": "dev-oos",
          "schema_version": 0,
          "attributes": {
            "address_prefix": "10.89.47.0/24",
            "address_prefixes": [
              "10.89.47.0/24"
            ],
            "enforce_private_link_endpoint_network_policies": false,
            "enforce_private_link_service_network_policies": false,
            "id": "/subscriptions/f63b58a1-f8a2-4d25-8dac-4d38aa90a810/resourceGroups/tfs-rg-dev-eu-network/providers/Microsoft.Network/virtualNetworks/tfs-vnet-dev-oos-eu/subnets/tfs-snet-dev-oos-lb-eu",
            "name": "tfs-snet-dev-oos-lb-eu",
            "network_security_group_id": "/subscriptions/f63b58a1-f8a2-4d25-8dac-4d38aa90a810/resourceGroups/tfs-rg-dev-eu-network/providers/Microsoft.Network/networkSecurityGroups/tfs-nsg-dev-oos-lb-eu",
            "private_endpoint_network_policies_enabled": true,
            "private_link_service_network_policies_enabled": true,
            "resource_group_name": "tfs-rg-dev-eu-network",
            "route_table_id": "/subscriptions/f63b58a1-f8a2-4d25-8dac-4d38aa90a810/resourceGroups/tfs-rg-dev-eu-network/providers/Microsoft.Network/routeTables/tfs-rt-dev-oos-eu",
            "service_endpoints": [
              "Microsoft.KeyVault",
              "Microsoft.Storage"
            ],
            "timeouts": null,
            "virtual_network_name": "tfs-vnet-dev-oos-eu"
          },
          "sensitive_attributes": []
        }
      ]
    },
    {
      "module": "module.lb[0]",
      "mode": "managed",
      "type": "azurerm_lb",
      "name": "lb",
      "provider": "provider[\"registry.terraform.io/hashicorp/azurerm\"]",
      "instances": [
        {
          "index_key": "dev-oos",
          "schema_version": 0,
          "attributes": {
            "edge_zone": "",
            "frontend_ip_configuration": [
              {
                "gateway_load_balancer_frontend_ip_configuration_id": "",
                "id": "/subscriptions/f63b58a1-f8a2-4d25-8dac-4d38aa90a810/resourceGroups/tfs-rg-dev-eu-speech/providers/Microsoft.Network/loadBalancers/tfs-ilb-dev-superadmin-eu-speech/frontendIPConfigurations/tfs-ilb-dev-superadmin-eu-speech-fip",
                "inbound_nat_rules": [],
                "load_balancer_rules": [],
                "name": "tfs-ilb-dev-superadmin-eu-speech-fip",
                "outbound_rules": [],
                "private_ip_address": "10.89.47.4",
                "private_ip_address_allocation": "Dynamic",
                "private_ip_address_version": "IPv4",
                "public_ip_address_id": "",
                "public_ip_prefix_id": "",
                "subnet_id": "/subscriptions/f63b58a1-f8a2-4d25-8dac-4d38aa90a810/resourceGroups/tfs-rg-dev-eu-network/providers/Microsoft.Network/virtualNetworks/tfs-vnet-dev-oos-eu/subnets/tfs-snet-dev-oos-lb-eu",
                "zones": null
              }
            ],
            "id": "/subscriptions/f63b58a1-f8a2-4d25-8dac-4d38aa90a810/resourceGroups/tfs-rg-dev-eu-speech/providers/Microsoft.Network/loadBalancers/tfs-ilb-dev-superadmin-eu-speech",
            "location": "eastus",
            "name": "tfs-ilb-dev-superadmin-eu-speech",
            "private_ip_address": "10.89.47.4",
            "private_ip_addresses": [
              "10.89.47.4"
            ],
            "resource_group_name": "tfs-rg-dev-eu-speech",
            "sku": "Standard",
            "sku_tier": "Regional",
            "tags": {
              "appliance_owner": "networking",
              "environment": "dev",
              "finance_allocation": "finance_allocation",
              "network_segment": "oos",
              "product": "speech",
              "product_component": "superadmin",
              "project_owner": "speech",
              "risk_zone": "zone1",
              "type_of_appliance": "web"
            },
            "timeouts": null
          },
          "sensitive_attributes": [],
          "private": "eyJlMmJmYjczMC1lY2FhLTExZTYtOGY4OC0zNDM2M2JjN2M0YzAiOnsiY3JlYXRlIjoxODAwMDAwMDAwMDAwLCJkZWxldGUiOjE4MDAwMDAwMDAwMDAsInJlYWQiOjMwMDAwMDAwMDAwMCwidXBkYXRlIjoxODAwMDAwMDAwMDAwfX0=",
          "dependencies": [
            "module.lb.data.azurerm_subnet.hub"
          ]
        }
      ]
    },
    {
      "module": "module.lb_rule",
      "mode": "data",
      "type": "azurerm_lb",
      "name": "lb",
      "provider": "provider[\"registry.terraform.io/hashicorp/azurerm\"]",
      "instances": [
        {
          "schema_version": 0,
          "attributes": {
            "frontend_ip_configuration": [
              {
                "id": "/subscriptions/f63b58a1-f8a2-4d25-8dac-4d38aa90a810/resourceGroups/tfs-rg-dev-eu-speech/providers/Microsoft.Network/loadBalancers/tfs-ilb-dev-superadmin-eu-speech/frontendIPConfigurations/tfs-ilb-dev-superadmin-eu-speech-fip",
                "name": "tfs-ilb-dev-superadmin-eu-speech-fip",
                "private_ip_address": "10.89.47.4",
                "private_ip_address_allocation": "Dynamic",
                "private_ip_address_version": "IPv4",
                "public_ip_address_id": "",
                "subnet_id": "/subscriptions/f63b58a1-f8a2-4d25-8dac-4d38aa90a810/resourceGroups/tfs-rg-dev-eu-network/providers/Microsoft.Network/virtualNetworks/tfs-vnet-dev-oos-eu/subnets/tfs-snet-dev-oos-lb-eu",
                "zones": []
              }
            ],
            "id": "/subscriptions/f63b58a1-f8a2-4d25-8dac-4d38aa90a810/resourceGroups/tfs-rg-dev-eu-speech/providers/Microsoft.Network/loadBalancers/tfs-ilb-dev-superadmin-eu-speech",
            "location": "eastus",
            "name": "tfs-ilb-dev-superadmin-eu-speech",
            "private_ip_address": "10.89.47.4",
            "private_ip_addresses": [
              "10.89.47.4"
            ],
            "resource_group_name": "tfs-rg-dev-eu-speech",
            "sku": "Standard",
            "tags": {
              "appliance_owner": "networking",
              "environment": "dev",
              "finance_allocation": "finance_allocation",
              "network_segment": "oos",
              "product": "speech",
              "product_component": "superadmin",
              "project_owner": "speech",
              "risk_zone": "zone1",
              "type_of_appliance": "web"
            },
            "timeouts": null
          },
          "sensitive_attributes": []
        }
      ]
    },
    {
      "module": "module.lb_rule",
      "mode": "data",
      "type": "azurerm_virtual_network",
      "name": "vnet",
      "provider": "provider[\"registry.terraform.io/hashicorp/azurerm\"]",
      "instances": [
        {
          "index_key": "lbrules1",
          "schema_version": 0,
          "attributes": {
            "address_space": [
              "10.89.40.0/21"
            ],
            "dns_servers": [],
            "guid": "777ab558-1747-44fe-b512-543e74b4f95e",
            "id": "/subscriptions/f63b58a1-f8a2-4d25-8dac-4d38aa90a810/resourceGroups/tfs-rg-dev-eu-network/providers/Microsoft.Network/virtualNetworks/tfs-vnet-dev-oos-eu",
            "location": "eastus",
            "name": "tfs-vnet-dev-oos-eu",
            "resource_group_name": "tfs-rg-dev-eu-network",
            "subnets": [
              "tfs-snet-dev-oos-app-data-eu",
              "tfs-snet-dev-oos-lb-eu",
              "tfs-snet-dev-oos-app-eu"
            ],
            "tags": {
              "appliance_owner": "networking",
              "environment": "dev",
              "finance_allocation": "finance_allocation",
              "network_segment": "c2c",
              "product": "network",
              "project_owner": "network",
              "risk_zone": "zone1",
              "type_of_appliance": "web"
            },
            "timeouts": null,
            "vnet_peerings": {
              "dev-oos-to-hub": "/subscriptions/fd2d6291-f998-4e73-95d6-12dc7a0a20c8/resourceGroups/tfs-rg-hub-eu-landingzone/providers/Microsoft.Network/virtualNetworks/tfs-vnet-hub-eu"
            },
            "vnet_peerings_addresses": [
              "10.88.48.0/20"
            ]
          },
          "sensitive_attributes": []
        }
      ]
    },
    {
      "module": "module.lb_rule",
      "mode": "managed",
      "type": "azurerm_lb_backend_address_pool",
      "name": "lb_backend",
      "provider": "provider[\"registry.terraform.io/hashicorp/azurerm\"]",
      "instances": [
        {
          "index_key": "lbrules1",
          "schema_version": 0,
          "attributes": {
            "backend_ip_configurations": [],
            "id": "/subscriptions/f63b58a1-f8a2-4d25-8dac-4d38aa90a810/resourceGroups/tfs-rg-dev-eu-speech/providers/Microsoft.Network/loadBalancers/tfs-ilb-dev-superadmin-eu-speech/backendAddressPools/tfs-ilb-dev-oos-eu-bckpool1",
            "inbound_nat_rules": [],
            "load_balancing_rules": [],
            "loadbalancer_id": "/subscriptions/f63b58a1-f8a2-4d25-8dac-4d38aa90a810/resourceGroups/tfs-rg-dev-eu-speech/providers/Microsoft.Network/loadBalancers/tfs-ilb-dev-superadmin-eu-speech",
            "name": "tfs-ilb-dev-oos-eu-bckpool1",
            "outbound_rules": [],
            "timeouts": null,
            "tunnel_interface": []
          },
          "sensitive_attributes": [],
          "private": "eyJlMmJmYjczMC1lY2FhLTExZTYtOGY4OC0zNDM2M2JjN2M0YzAiOnsiY3JlYXRlIjoxODAwMDAwMDAwMDAwLCJkZWxldGUiOjE4MDAwMDAwMDAwMDAsInJlYWQiOjMwMDAwMDAwMDAwMCwidXBkYXRlIjoxODAwMDAwMDAwMDAwfX0=",
          "dependencies": [
            "module.lb.azurerm_lb.lb",
            "module.lb.data.azurerm_subnet.hub",
            "module.lb_rule.data.azurerm_lb.lb"
          ]
        }
      ]
    },
    {
      "module": "module.lb_rule",
      "mode": "managed",
      "type": "azurerm_lb_probe",
      "name": "lb_probe",
      "provider": "provider[\"registry.terraform.io/hashicorp/azurerm\"]",
      "instances": [
        {
          "index_key": "lbrules1",
          "schema_version": 0,
          "attributes": {
            "id": "/subscriptions/f63b58a1-f8a2-4d25-8dac-4d38aa90a810/resourceGroups/tfs-rg-dev-eu-speech/providers/Microsoft.Network/loadBalancers/tfs-ilb-dev-superadmin-eu-speech/probes/tfs-ilb-dev-oos-eu-probe-1",
            "interval_in_seconds": 15,
            "load_balancer_rules": [],
            "loadbalancer_id": "/subscriptions/f63b58a1-f8a2-4d25-8dac-4d38aa90a810/resourceGroups/tfs-rg-dev-eu-speech/providers/Microsoft.Network/loadBalancers/tfs-ilb-dev-superadmin-eu-speech",
            "name": "tfs-ilb-dev-oos-eu-probe-1",
            "number_of_probes": 2,
            "port": 80,
            "probe_threshold": 1,
            "protocol": "Http",
            "request_path": "/",
            "timeouts": null
          },
          "sensitive_attributes": [],
          "private": "eyJlMmJmYjczMC1lY2FhLTExZTYtOGY4OC0zNDM2M2JjN2M0YzAiOnsiY3JlYXRlIjoxODAwMDAwMDAwMDAwLCJkZWxldGUiOjE4MDAwMDAwMDAwMDAsInJlYWQiOjMwMDAwMDAwMDAwMCwidXBkYXRlIjoxODAwMDAwMDAwMDAwfX0=",
          "dependencies": [
            "module.lb.azurerm_lb.lb",
            "module.lb.data.azurerm_subnet.hub",
            "module.lb_rule.data.azurerm_lb.lb"
          ]
        }
      ]
    },
    {
      "module": "module.lb_rule",
      "mode": "managed",
      "type": "azurerm_lb_rule",
      "name": "lb_rule",
      "provider": "provider[\"registry.terraform.io/hashicorp/azurerm\"]",
      "instances": [
        {
          "index_key": "lbrules1",
          "schema_version": 0,
          "attributes": {
            "backend_address_pool_ids": [
              "/subscriptions/f63b58a1-f8a2-4d25-8dac-4d38aa90a810/resourceGroups/tfs-rg-dev-eu-speech/providers/Microsoft.Network/loadBalancers/tfs-ilb-dev-superadmin-eu-speech/backendAddressPools/tfs-ilb-dev-oos-eu-bckpool1"
            ],
            "backend_port": 80,
            "disable_outbound_snat": false,
            "enable_floating_ip": false,
            "enable_tcp_reset": false,
            "frontend_ip_configuration_id": "/subscriptions/f63b58a1-f8a2-4d25-8dac-4d38aa90a810/resourceGroups/tfs-rg-dev-eu-speech/providers/Microsoft.Network/loadBalancers/tfs-ilb-dev-superadmin-eu-speech/frontendIPConfigurations/tfs-ilb-dev-superadmin-eu-speech-fip",
            "frontend_ip_configuration_name": "tfs-ilb-dev-superadmin-eu-speech-fip",
            "frontend_port": 80,
            "id": "/subscriptions/f63b58a1-f8a2-4d25-8dac-4d38aa90a810/resourceGroups/tfs-rg-dev-eu-speech/providers/Microsoft.Network/loadBalancers/tfs-ilb-dev-superadmin-eu-speech/loadBalancingRules/tfs-ilb-dev-eu-rule-1",
            "idle_timeout_in_minutes": 4,
            "load_distribution": "SourceIPProtocol",
            "loadbalancer_id": "/subscriptions/f63b58a1-f8a2-4d25-8dac-4d38aa90a810/resourceGroups/tfs-rg-dev-eu-speech/providers/Microsoft.Network/loadBalancers/tfs-ilb-dev-superadmin-eu-speech",
            "name": "tfs-ilb-dev-eu-rule-1",
            "probe_id": "/subscriptions/f63b58a1-f8a2-4d25-8dac-4d38aa90a810/resourceGroups/tfs-rg-dev-eu-speech/providers/Microsoft.Network/loadBalancers/tfs-ilb-dev-superadmin-eu-speech/probes/tfs-ilb-dev-oos-eu-probe-1",
            "protocol": "Tcp",
            "timeouts": null
          },
          "sensitive_attributes": [],
          "private": "eyJlMmJmYjczMC1lY2FhLTExZTYtOGY4OC0zNDM2M2JjN2M0YzAiOnsiY3JlYXRlIjoxODAwMDAwMDAwMDAwLCJkZWxldGUiOjE4MDAwMDAwMDAwMDAsInJlYWQiOjMwMDAwMDAwMDAwMCwidXBkYXRlIjoxODAwMDAwMDAwMDAwfX0=",
          "dependencies": [
            "module.lb.azurerm_lb.lb",
            "module.lb.data.azurerm_subnet.hub",
            "module.lb_rule.azurerm_lb_backend_address_pool.lb_backend",
            "module.lb_rule.azurerm_lb_probe.lb_probe",
            "module.lb_rule.data.azurerm_lb.lb"
          ]
        }
      ]
    },
    {
      "module": "module.lb_rule.module.rg",
      "mode": "data",
      "type": "terraform_remote_state",
      "name": "rg",
      "provider": "provider[\"terraform.io/builtin/terraform\"]",
      "instances": [
        {
          "schema_version": 0,
          "attributes": {
            "backend": "azurerm",
            "config": {
              "value": {
                "container_name": "tfstate",
                "key": "eastus/rg/dev/default.tfstateenv:dev",
                "resource_group_name": "tfs-rg-dev-tfstate",
                "storage_account_name": "tfsstgdevtfstate"
              },
              "type": [
                "object",
                {
                  "container_name": "string",
                  "key": "string",
                  "resource_group_name": "string",
                  "storage_account_name": "string"
                }
              ]
            },
            "defaults": null,
            "outputs": {
              "value": {
                "rg": [
                  "tfs-rg-dev-eu-network",
                  "tfs-rg-dev-eu-dsg",
                  "tfs-rg-dev-eu-speech"
                ],
                "rg_name": "tfs-rg-dev-eu-network"
              },
              "type": [
                "object",
                {
                  "rg": [
                    "tuple",
                    [
                      "string",
                      "string",
                      "string"
                    ]
                  ],
                  "rg_name": "string"
                }
              ]
            },
            "workspace": null
          },
          "sensitive_attributes": []
        }
      ]
    },
    {
      "module": "module.vm",
      "mode": "data",
      "type": "azurerm_managed_disk",
      "name": "existing_disk",
      "provider": "provider[\"registry.terraform.io/hashicorp/azurerm\"]",
      "instances": [
        {
          "index_key": 0,
          "schema_version": 0,
          "attributes": {
            "create_option": "Empty",
            "disk_access_id": "",
            "disk_encryption_set_id": "",
            "disk_iops_read_write": 500,
            "disk_mbps_read_write": 60,
            "disk_size_gb": 100,
            "encryption_settings": [],
            "id": "/subscriptions/f63b58a1-f8a2-4d25-8dac-4d38aa90a810/resourceGroups/tfs-rg-dev-eu-speech/providers/Microsoft.Compute/disks/tfs-datadisk-dev-east-superadmin-vm-1-disk-1",
            "image_reference_id": "",
            "name": "tfs-datadisk-dev-east-superadmin-vm-1-disk-1",
            "network_access_policy": "AllowAll",
            "os_type": "",
            "resource_group_name": "tfs-rg-dev-eu-speech",
            "source_resource_id": "",
            "source_uri": "",
            "storage_account_id": "",
            "storage_account_type": "Standard_LRS",
            "tags": {},
            "timeouts": null,
            "zones": [
              "1"
            ]
          },
          "sensitive_attributes": []
        },
        {
          "index_key": 1,
          "schema_version": 0,
          "attributes": {
            "create_option": "Empty",
            "disk_access_id": "",
            "disk_encryption_set_id": "",
            "disk_iops_read_write": 500,
            "disk_mbps_read_write": 60,
            "disk_size_gb": 100,
            "encryption_settings": [],
            "id": "/subscriptions/f63b58a1-f8a2-4d25-8dac-4d38aa90a810/resourceGroups/tfs-rg-dev-eu-speech/providers/Microsoft.Compute/disks/tfs-datadisk-dev-east-superadmin-vm-2-disk-1",
            "image_reference_id": "",
            "name": "tfs-datadisk-dev-east-superadmin-vm-2-disk-1",
            "network_access_policy": "AllowAll",
            "os_type": "",
            "resource_group_name": "tfs-rg-dev-eu-speech",
            "source_resource_id": "",
            "source_uri": "",
            "storage_account_id": "",
            "storage_account_type": "Standard_LRS",
            "tags": {},
            "timeouts": null,
            "zones": [
              "2"
            ]
          },
          "sensitive_attributes": []
        }
      ]
    },
    {
      "module": "module.vm",
      "mode": "data",
      "type": "azurerm_shared_image_version",
      "name": "image",
      "provider": "module.vm.provider[\"registry.terraform.io/hashicorp/azurerm\"].hub",
      "instances": [
        {
          "schema_version": 0,
          "attributes": {
            "exclude_from_latest": false,
            "gallery_name": "rockylinux9",
            "id": "/subscriptions/fd2d6291-f998-4e73-95d6-12dc7a0a20c8/resourceGroups/tfs-rg-hub-eu-landingzone/providers/Microsoft.Compute/galleries/rockylinux9/images/rockylinux9/versions/1.0.0",
            "image_name": "rockylinux9",
            "location": "eastus",
            "managed_image_id": "/subscriptions/fd2d6291-f998-4e73-95d6-12dc7a0a20c8/resourceGroups/tfs-rg-hub-eu-landingzone/providers/Microsoft.Compute/virtualMachines/rockylinux9.0",
            "name": "1.0.0",
            "os_disk_image_size_gb": 10,
            "os_disk_snapshot_id": "",
            "resource_group_name": "tfs-rg-hub-eu-landingzone",
            "sort_versions_by_semver": false,
            "tags": {},
            "target_region": [
              {
                "name": "eastus",
                "regional_replica_count": 1,
                "storage_account_type": "Standard_LRS"
              },
              {
                "name": "westus",
                "regional_replica_count": 1,
                "storage_account_type": "Standard_LRS"
              }
            ],
            "timeouts": null
          },
          "sensitive_attributes": []
        }
      ]
    },
    {
      "module": "module.vm",
      "mode": "data",
      "type": "azurerm_ssh_public_key",
      "name": "ssh_key",
      "provider": "provider[\"registry.terraform.io/hashicorp/azurerm\"]",
      "instances": [
        {
          "schema_version": 0,
          "attributes": {
            "id": "/subscriptions/f63b58a1-f8a2-4d25-8dac-4d38aa90a810/resourceGroups/tfs-rg-dev-eu-speech/providers/Microsoft.Compute/sshPublicKeys/tfs-ssh-dev",
            "name": "tfs-ssh-dev",
            "public_key": "ssh-rsa AAAAB3NzaC1yc2EAAAADAQABAAABgQC82EgbusfrvUKRGbN1ONg68LUvvX4bVbyjFa1Ogiu01nZLSusXIuRtVwHT/Bw19WA8kiHveSTW1Vf1jhLrEBEqOgvLUuEKSMMFkEtLZf9znD8R8VRN5QdQwMs6m/6DZMNTchEVBj8K3I6/f7pPGY5sVy/9ZDwlF5L3Bbs2+sQjjLd5d5f9InhstDGPrHvh/MExgpApmkYfdZmSPjqAe7AJHs0w3O2y3240AXKa+eSqiVO42nhnkrSCLiE+gjStWsfoW0faTVayQYgROkQCCrLELXoEwRwAVqeLU0FujhFmrEUnvphAi0I7CG2zIA4oh+id20ZLBUGSobuJGUNgTmvl6z+5rBxJ8GwcYiYtKs+8v+NvQb6nQUzYZIF8e049mMv9SKQpUbBOv/NbGc44gCsmNFuDzBfADr5hmbYbtirgAMsQk2lzW7Vtl51PxhWrw/JtenpJpiLoe2KnqYiZkrJjjpSOyJfAX2BPT6uN/oMnKJ1J1hSwzimIBB9yw5Ynn1U= generated-by-azure",
            "resource_group_name": "tfs-rg-dev-eu-speech",
            "tags": {},
            "timeouts": null
          },
          "sensitive_attributes": []
        }
      ]
    },
    {
      "module": "module.vm",
      "mode": "data",
      "type": "template_file",
      "name": "datadisk",
      "provider": "provider[\"registry.terraform.io/hashicorp/template\"]",
      "instances": [
        {
          "schema_version": 0,
          "attributes": {
            "filename": null,
            "id": "691dd4ae556819ca338ecc00f60164624c08f1e2cf70b5ca4ad5264cafecb080",
            "rendered": "#!/bin/bash\r\n\r\nsudo yum install -y python3\r\n\r\n# Set the content variable\r\ncontent=$(cat \u003c\u003cEND\r\n#!/usr/bin/env python\r\nimport subprocess\r\nimport string\r\n\r\n# Create partition on each disk\r\nletters = string.ascii_lowercase[string.ascii_lowercase.index('c'):]\r\ndisk_list = [f'sd{letter}' for letter in letters[:3]]  # Only first 3 disks\r\nmount_list = [\"/var/tellme\"]\r\n\r\nfor i, disk in enumerate(disk_list):\r\n    partition = f\"{disk}1\"\r\n    mount_point = mount_list[i]\r\n\r\n    # Create partition\r\n    subprocess.run(f\"sudo parted -a optimal /dev/{disk} --script mklabel gpt mkpart primary ext4 0% 100%\", shell=True)\r\n\r\n    # Format partition with ext4\r\n    subprocess.run(f\"sudo mkfs.ext4 /dev/{partition}\", shell=True)\r\n\r\n    # Create mount point directory if it doesnt exist\r\n    subprocess.run(f\"sudo mkdir -p {mount_point}\", shell=True)\r\n\r\n    # Mount partition\r\n    subprocess.run(f\"sudo mount /dev/{partition} {mount_point}\", shell=True)\r\n\r\n    # symbolic link\r\n    subprocess.run(f\"sudo mv /tools/ /var/tellme/\", shell=True)\r\n    subprocess.run(f\"ln -s /var/tellme/tools /tools\", shell=True)\r\n\r\n    # Add to fstab to mount at boot\r\n    blkid = subprocess.check_output(f\"sudo blkid -s UUID -o value /dev/{partition}\", shell=True).decode().strip()\r\n    with subprocess.Popen(['sudo', 'tee', '-a', '/etc/fstab'], stdin=subprocess.PIPE) as f:\r\n        f.stdin.write(f\"UUID={blkid} {mount_point} ext4 defaults,nofail 0 2\\n\".encode('utf-8'))\r\nEND\r\n)\r\n\r\n# Write the content variable to the file\r\nsudo echo \"$content\" \u003e \"/home/azureadmin/datadisk.py\"\r\n\r\n# Set the file permissions\r\nsudo chmod +x \"/home/azureadmin/datadisk.py\"\r\n\r\necho \"datadisk.py file created successfully.\"\r\n\r\nsudo python3 \"/home/azureadmin/datadisk.py\"\r\n",
            "template": "#!/bin/bash\r\n\r\nsudo yum install -y python3\r\n\r\n# Set the content variable\r\ncontent=$(cat \u003c\u003cEND\r\n#!/usr/bin/env python\r\nimport subprocess\r\nimport string\r\n\r\n# Create partition on each disk\r\nletters = string.ascii_lowercase[string.ascii_lowercase.index('c'):]\r\ndisk_list = [f'sd{letter}' for letter in letters[:3]]  # Only first 3 disks\r\nmount_list = ${mount_list}\r\n\r\nfor i, disk in enumerate(disk_list):\r\n    partition = f\"{disk}1\"\r\n    mount_point = mount_list[i]\r\n\r\n    # Create partition\r\n    subprocess.run(f\"sudo parted -a optimal /dev/{disk} --script mklabel gpt mkpart primary ext4 0% 100%\", shell=True)\r\n\r\n    # Format partition with ext4\r\n    subprocess.run(f\"sudo mkfs.ext4 /dev/{partition}\", shell=True)\r\n\r\n    # Create mount point directory if it doesnt exist\r\n    subprocess.run(f\"sudo mkdir -p {mount_point}\", shell=True)\r\n\r\n    # Mount partition\r\n    subprocess.run(f\"sudo mount /dev/{partition} {mount_point}\", shell=True)\r\n\r\n    # symbolic link\r\n    subprocess.run(f\"sudo mv /tools/ /var/tellme/\", shell=True)\r\n    subprocess.run(f\"ln -s /var/tellme/tools /tools\", shell=True)\r\n\r\n    # Add to fstab to mount at boot\r\n    blkid = subprocess.check_output(f\"sudo blkid -s UUID -o value /dev/{partition}\", shell=True).decode().strip()\r\n    with subprocess.Popen(['sudo', 'tee', '-a', '/etc/fstab'], stdin=subprocess.PIPE) as f:\r\n        f.stdin.write(f\"UUID={blkid} {mount_point} ext4 defaults,nofail 0 2\\n\".encode('utf-8'))\r\nEND\r\n)\r\n\r\n# Write the content variable to the file\r\nsudo echo \"$content\" \u003e \"/home/azureadmin/datadisk.py\"\r\n\r\n# Set the file permissions\r\nsudo chmod +x \"/home/azureadmin/datadisk.py\"\r\n\r\necho \"datadisk.py file created successfully.\"\r\n\r\nsudo python3 \"/home/azureadmin/datadisk.py\"\r\n",
            "vars": {
              "mount_list": "[\"/var/tellme\"]"
            }
          },
          "sensitive_attributes": []
        }
      ]
    },
    {
      "module": "module.vm",
      "mode": "data",
      "type": "template_file",
      "name": "release_type",
      "provider": "provider[\"registry.terraform.io/hashicorp/template\"]",
      "instances": [
        {
          "index_key": 0,
          "schema_version": 0,
          "attributes": {
            "filename": null,
            "id": "333c8b651d2716e5cf5a6f360439e6c6bddfd629f8f7b555d51a24797e6e8243",
            "rendered": "{\r\n    \"attributes\": {\r\n    \"alt_datacenter\": \"west\",\r\n    \"datacenter\": \"east\",\r\n    \"dns_name\": \"dev-superadmin01.speech.dev.eastus.azcloud.247-inc.net\",\r\n    \"environment\": \"dev\",\r\n    \"az_alt_region\": \"westus\",\r\n    \"az_region\": \"eastus\",\r\n    \"az_zone\": \"1\",\r\n    \"instance_name\": \"superadmin01\",\r\n    \"network_type\": \"oos-app\",\r\n    \"number\": \"1\",\r\n    \"prefix\": \"dev\",\r\n    \"release_type\": \"speech.superadmin\"\r\n    }\r\n    }",
            "template": "{\r\n    \"attributes\": {\r\n    \"alt_datacenter\": \"${alt_datacenter}\",\r\n    \"datacenter\": \"${datacenter}\",\r\n    \"dns_name\": \"${dns_name}\",\r\n    \"environment\": \"${environment}\",\r\n    \"az_alt_region\": \"${az_alt_region}\",\r\n    \"az_region\": \"${az_region}\",\r\n    \"az_zone\": \"${az_zone}\",\r\n    \"instance_name\": \"${instance_name}\",\r\n    \"network_type\": \"${network_type}\",\r\n    \"number\": \"${number}\",\r\n    \"prefix\": \"${prefix}\",\r\n    \"release_type\": \"${release_type}\"\r\n    }\r\n    }",
            "vars": {
              "alt_datacenter": "west",
              "az_alt_region": "westus",
              "az_region": "eastus",
              "az_zone": "1",
              "datacenter": "east",
              "dns_name": "dev-superadmin01.speech.dev.eastus.azcloud.247-inc.net",
              "environment": "dev",
              "fileshare_name": "",
              "instance_name": "superadmin01",
              "network_type": "oos-app",
              "number": "1",
              "prefix": "dev",
              "release_type": "speech.superadmin"
            }
          },
          "sensitive_attributes": []
        },
        {
          "index_key": 1,
          "schema_version": 0,
          "attributes": {
            "filename": null,
            "id": "d24b20e59bfdee39de87580b0421498bd77950cb0bbc081df17dfb73a814644a",
            "rendered": "{\r\n    \"attributes\": {\r\n    \"alt_datacenter\": \"west\",\r\n    \"datacenter\": \"east\",\r\n    \"dns_name\": \"dev-superadmin02.speech.dev.eastus.azcloud.247-inc.net\",\r\n    \"environment\": \"dev\",\r\n    \"az_alt_region\": \"westus\",\r\n    \"az_region\": \"eastus\",\r\n    \"az_zone\": \"2\",\r\n    \"instance_name\": \"superadmin02\",\r\n    \"network_type\": \"oos-app\",\r\n    \"number\": \"2\",\r\n    \"prefix\": \"dev\",\r\n    \"release_type\": \"speech.superadmin\"\r\n    }\r\n    }",
            "template": "{\r\n    \"attributes\": {\r\n    \"alt_datacenter\": \"${alt_datacenter}\",\r\n    \"datacenter\": \"${datacenter}\",\r\n    \"dns_name\": \"${dns_name}\",\r\n    \"environment\": \"${environment}\",\r\n    \"az_alt_region\": \"${az_alt_region}\",\r\n    \"az_region\": \"${az_region}\",\r\n    \"az_zone\": \"${az_zone}\",\r\n    \"instance_name\": \"${instance_name}\",\r\n    \"network_type\": \"${network_type}\",\r\n    \"number\": \"${number}\",\r\n    \"prefix\": \"${prefix}\",\r\n    \"release_type\": \"${release_type}\"\r\n    }\r\n    }",
            "vars": {
              "alt_datacenter": "west",
              "az_alt_region": "westus",
              "az_region": "eastus",
              "az_zone": "2",
              "datacenter": "east",
              "dns_name": "dev-superadmin02.speech.dev.eastus.azcloud.247-inc.net",
              "environment": "dev",
              "fileshare_name": "",
              "instance_name": "superadmin02",
              "network_type": "oos-app",
              "number": "2",
              "prefix": "dev",
              "release_type": "speech.superadmin"
            }
          },
          "sensitive_attributes": []
        }
      ]
    },
    {
      "module": "module.vm",
      "mode": "data",
      "type": "template_file",
      "name": "salt",
      "provider": "provider[\"registry.terraform.io/hashicorp/template\"]",
      "instances": [
        {
          "index_key": 0,
          "schema_version": 0,
          "attributes": {
            "filename": null,
            "id": "bab61c9cde1eb2fb49187a1146b6b15f4d21d2b554afa2370e0b72f3b5604e3d",
            "rendered": "#!/bin/sh\r\n\r\n# install the salt minion\r\nsudo yum clean expire-cache\r\nsudo yum install salt-minion -y\r\nsudo systemctl enable salt-minion \u0026\u0026 sudo systemctl start salt-minion\r\nsudo yum install python3 -y\r\n\r\n# Define the YAML content to replace /etc/salt/minion\r\nyaml_content='---\r\nconfig_dir: /etc/salt\r\ndisable_modules:\r\n- swarm\r\n- boto3_elasticsearch\r\nlog_level: warning\r\nmaster:\r\n- salt-ctlr01.infra.shared.usw1.cloud.247-inc.net\r\n- salt-ctlr01.infra.shared.east.cloud.247-inc.net\r\n- salt-ctlr02.infra.shared.usw1.cloud.247-inc.net\r\n- salt-ctlr02.infra.shared.east.cloud.247-inc.net\r\nmaster_tries: -1\r\nping_interval: 10\r\nrandom_master: true\r\nrandom_startup_delay: 10\r\nrecon_default: 5000\r\n...'\r\n\r\n# Remove the existing content in /etc/salt/minion\r\nsudo echo \"\" \u003e /etc/salt/minion\r\n\r\n# updating the dns name\r\nsudo echo \"\" \u003e /etc/salt/minion_id\r\nsudo echo \"dev-superadmin01.speech.dev.eastus.azcloud.247-inc.net\" \u003e /etc/salt/minion_id\r\n\r\n# Update the /etc/resolv.conf file\r\nsed -i \"s/search .*/search speech.dev.east.azcloud.247-inc.net/\" /etc/resolv.conf\r\n\r\n# Add the YAML content to /etc/salt/minion\r\nsudo echo \"$yaml_content\" \u003e /etc/salt/minion\r\n\r\n\r\n# Restart the salt minion\r\nsudo systemctl restart salt-minion\r\n",
            "template": "#!/bin/sh\r\n\r\n# install the salt minion\r\nsudo yum clean expire-cache\r\nsudo yum install salt-minion -y\r\nsudo systemctl enable salt-minion \u0026\u0026 sudo systemctl start salt-minion\r\nsudo yum install python3 -y\r\n\r\n# Define the YAML content to replace /etc/salt/minion\r\nyaml_content='---\r\nconfig_dir: /etc/salt\r\ndisable_modules:\r\n- swarm\r\n- boto3_elasticsearch\r\nlog_level: warning\r\nmaster:\r\n- salt-ctlr01.infra.shared.usw1.cloud.247-inc.net\r\n- salt-ctlr01.infra.shared.east.cloud.247-inc.net\r\n- salt-ctlr02.infra.shared.usw1.cloud.247-inc.net\r\n- salt-ctlr02.infra.shared.east.cloud.247-inc.net\r\nmaster_tries: -1\r\nping_interval: 10\r\nrandom_master: true\r\nrandom_startup_delay: 10\r\nrecon_default: 5000\r\n...'\r\n\r\n# Remove the existing content in /etc/salt/minion\r\nsudo echo \"\" \u003e /etc/salt/minion\r\n\r\n# updating the dns name\r\nsudo echo \"\" \u003e /etc/salt/minion_id\r\nsudo echo \"${dns_name}\" \u003e /etc/salt/minion_id\r\n\r\n# Update the /etc/resolv.conf file\r\nsed -i \"s/search .*/search ${short_dns_name}/\" /etc/resolv.conf\r\n\r\n# Add the YAML content to /etc/salt/minion\r\nsudo echo \"$yaml_content\" \u003e /etc/salt/minion\r\n\r\n\r\n# Restart the salt minion\r\nsudo systemctl restart salt-minion\r\n",
            "vars": {
              "dns_name": "dev-superadmin01.speech.dev.eastus.azcloud.247-inc.net",
              "short_dns_name": "speech.dev.east.azcloud.247-inc.net"
            }
          },
          "sensitive_attributes": []
        },
        {
          "index_key": 1,
          "schema_version": 0,
          "attributes": {
            "filename": null,
            "id": "344c236b065c5212bfe04eabbbd522d02cdf4984a6eb9c2c410bf2269f3405fc",
            "rendered": "#!/bin/sh\r\n\r\n# install the salt minion\r\nsudo yum clean expire-cache\r\nsudo yum install salt-minion -y\r\nsudo systemctl enable salt-minion \u0026\u0026 sudo systemctl start salt-minion\r\nsudo yum install python3 -y\r\n\r\n# Define the YAML content to replace /etc/salt/minion\r\nyaml_content='---\r\nconfig_dir: /etc/salt\r\ndisable_modules:\r\n- swarm\r\n- boto3_elasticsearch\r\nlog_level: warning\r\nmaster:\r\n- salt-ctlr01.infra.shared.usw1.cloud.247-inc.net\r\n- salt-ctlr01.infra.shared.east.cloud.247-inc.net\r\n- salt-ctlr02.infra.shared.usw1.cloud.247-inc.net\r\n- salt-ctlr02.infra.shared.east.cloud.247-inc.net\r\nmaster_tries: -1\r\nping_interval: 10\r\nrandom_master: true\r\nrandom_startup_delay: 10\r\nrecon_default: 5000\r\n...'\r\n\r\n# Remove the existing content in /etc/salt/minion\r\nsudo echo \"\" \u003e /etc/salt/minion\r\n\r\n# updating the dns name\r\nsudo echo \"\" \u003e /etc/salt/minion_id\r\nsudo echo \"dev-superadmin02.speech.dev.eastus.azcloud.247-inc.net\" \u003e /etc/salt/minion_id\r\n\r\n# Update the /etc/resolv.conf file\r\nsed -i \"s/search .*/search speech.dev.east.azcloud.247-inc.net/\" /etc/resolv.conf\r\n\r\n# Add the YAML content to /etc/salt/minion\r\nsudo echo \"$yaml_content\" \u003e /etc/salt/minion\r\n\r\n\r\n# Restart the salt minion\r\nsudo systemctl restart salt-minion\r\n",
            "template": "#!/bin/sh\r\n\r\n# install the salt minion\r\nsudo yum clean expire-cache\r\nsudo yum install salt-minion -y\r\nsudo systemctl enable salt-minion \u0026\u0026 sudo systemctl start salt-minion\r\nsudo yum install python3 -y\r\n\r\n# Define the YAML content to replace /etc/salt/minion\r\nyaml_content='---\r\nconfig_dir: /etc/salt\r\ndisable_modules:\r\n- swarm\r\n- boto3_elasticsearch\r\nlog_level: warning\r\nmaster:\r\n- salt-ctlr01.infra.shared.usw1.cloud.247-inc.net\r\n- salt-ctlr01.infra.shared.east.cloud.247-inc.net\r\n- salt-ctlr02.infra.shared.usw1.cloud.247-inc.net\r\n- salt-ctlr02.infra.shared.east.cloud.247-inc.net\r\nmaster_tries: -1\r\nping_interval: 10\r\nrandom_master: true\r\nrandom_startup_delay: 10\r\nrecon_default: 5000\r\n...'\r\n\r\n# Remove the existing content in /etc/salt/minion\r\nsudo echo \"\" \u003e /etc/salt/minion\r\n\r\n# updating the dns name\r\nsudo echo \"\" \u003e /etc/salt/minion_id\r\nsudo echo \"${dns_name}\" \u003e /etc/salt/minion_id\r\n\r\n# Update the /etc/resolv.conf file\r\nsed -i \"s/search .*/search ${short_dns_name}/\" /etc/resolv.conf\r\n\r\n# Add the YAML content to /etc/salt/minion\r\nsudo echo \"$yaml_content\" \u003e /etc/salt/minion\r\n\r\n\r\n# Restart the salt minion\r\nsudo systemctl restart salt-minion\r\n",
            "vars": {
              "dns_name": "dev-superadmin02.speech.dev.eastus.azcloud.247-inc.net",
              "short_dns_name": "speech.dev.east.azcloud.247-inc.net"
            }
          },
          "sensitive_attributes": []
        }
      ]
    },
    {
      "module": "module.vm",
      "mode": "managed",
      "type": "azurerm_linux_virtual_machine",
      "name": "vm",
      "provider": "provider[\"registry.terraform.io/hashicorp/azurerm\"]",
      "instances": [
        {
          "index_key": 0,
          "schema_version": 0,
          "attributes": {
            "additional_capabilities": [],
            "admin_password": null,
            "admin_ssh_key": [
              {
                "public_key": "ssh-rsa AAAAB3NzaC1yc2EAAAADAQABAAABgQC82EgbusfrvUKRGbN1ONg68LUvvX4bVbyjFa1Ogiu01nZLSusXIuRtVwHT/Bw19WA8kiHveSTW1Vf1jhLrEBEqOgvLUuEKSMMFkEtLZf9znD8R8VRN5QdQwMs6m/6DZMNTchEVBj8K3I6/f7pPGY5sVy/9ZDwlF5L3Bbs2+sQjjLd5d5f9InhstDGPrHvh/MExgpApmkYfdZmSPjqAe7AJHs0w3O2y3240AXKa+eSqiVO42nhnkrSCLiE+gjStWsfoW0faTVayQYgROkQCCrLELXoEwRwAVqeLU0FujhFmrEUnvphAi0I7CG2zIA4oh+id20ZLBUGSobuJGUNgTmvl6z+5rBxJ8GwcYiYtKs+8v+NvQb6nQUzYZIF8e049mMv9SKQpUbBOv/NbGc44gCsmNFuDzBfADr5hmbYbtirgAMsQk2lzW7Vtl51PxhWrw/JtenpJpiLoe2KnqYiZkrJjjpSOyJfAX2BPT6uN/oMnKJ1J1hSwzimIBB9yw5Ynn1U= generated-by-azure",
                "username": "azureadmin"
              }
            ],
            "admin_username": "azureadmin",
            "allow_extension_operations": true,
            "availability_set_id": "",
            "boot_diagnostics": [
              {
                "storage_account_uri": ""
              }
            ],
            "capacity_reservation_group_id": "",
            "computer_name": "dev-superadmin01.speech.dev.eastus.azcloud.247-inc.net",
            "custom_data": "IyEvYmluL2Jhc2gNCiMNCiMgYm9vdHN0cmFwIHNjcmlwdCBmb3IgQXp1cmUgY29tcHV0ZSByZXNvdXJjZXMNCiMNCiMgRGVidWcNCiMgc3VkbyBERUJVRz10cnVlIGJhc2ggLXggL3Jvb3QvYWN0aXZhdGVtZS5zaA0KIw0KIyBuYW1lIG9mIHRoaXMgc2NyaXB0DQpBVjA9ImFjdGl2YXRlbWUiDQogDQojIFVfT1NGQU1JTFk9JChjdXJsIC1zIC1IIE1ldGFkYXRhOnRydWUgLS1ub3Byb3h5ICIqIiBodHRwOi8vMTY5LjI1NC4xNjkuMjU0L21ldGFkYXRhL2luc3RhbmNlP2FwaS12ZXJzaW9uPTIwMjEtMDItMDEgfCBweXRob24gLWMgJ2ltcG9ydCBzeXMsIGpzb247IG09anNvbi5sb2FkcyhzeXMuc3RkaW4ucmVhZCgpKTsgcHJpbnQobVsiY29tcHV0ZSJdWyJvZmZlciJdKTsnKQ0KIyBMX09TRkFNSUxZPSQoZWNobyAiJHtVX09TRkFNSUxZLCx9IikNCiMgTE9OR19PU1ZFUlNJT049JChjdXJsIC1zIC1IIE1ldGFkYXRhOnRydWUgLS1ub3Byb3h5ICIqIiBodHRwOi8vMTY5LjI1NC4xNjkuMjU0L21ldGFkYXRhL2luc3RhbmNlP2FwaS12ZXJzaW9uPTIwMjEtMDItMDEgfCBweXRob24gLWMgJ2ltcG9ydCBzeXMsIGpzb247IG09anNvbi5sb2FkcyhzeXMuc3RkaW4ucmVhZCgpKTsgcHJpbnQobVsiY29tcHV0ZSJdWyJ2ZXJzaW9uIl0pOycpDQojIFNIT1JUX09TVkVSU0lPTj0kKGVjaG8gIiRMT05HX09TVkVSU0lPTiIgfCBhd2sgJ3twcmludCBzdWJzdHIoJDAsMSwxKX0nKQ0KIyBGQU1JTFk9JExfT1NGQU1JTFktJFNIT1JUX09TVkVSU0lPTg0KIA0KIyBpZiB0cnVlLCByZWJvb3Qgd2hlbiB3ZSdyZSBkb25lLg0KTkVFRF9SRUJPT1Q9ZmFsc2UNCiANCiMgVVJMIHRvIEF6dXJlIG1ldGFkYXRhIHNlcnZlcg0KQkFTRV9VUkw9aHR0cDovLzE2OS4yNTQuMTY5LjI1NC9tZXRhZGF0YS9pbnN0YW5jZS9jb21wdXRlP2FwaS12ZXJzaW9uPTIwMjEtMDItMDENCiMjTUVUQURBVEFfVVJMPSIkQkFTRV9VUkwvP2FwaS12ZXJzaW9uPTIwMjEtMDItMDEiDQogDQojI0FUVFJJQlVURV9VUkw9JEJBU0VfVVJML2luc3RhbmNlL2d1ZXN0LWF0dHJpYnV0ZXMNCiANCklNQUdFX1VSTD0kQkFTRV9VUkwvaW5zdGFuY2UvaW1hZ2UNCg0KSU1BR0VfUEFUSD1odHRwczovL3Rmc3N0Z2RldmFjdGl2aXR5bG9ncy5ibG9iLmNvcmUud2luZG93cy5uZXQvYWN0aXZhdGVtZQ0KIyNJTUFHRT0kKGJhc2VuYW1lICIkSU1BR0VfUEFUSCIpDQpJTUFHRT1jb21tb24gICAgI3N0YXRpYyBhcyBvZiBub3cNCkZBTUlMWT1jZW50b3MtNyAjc3RhdGljIGFzIG9mIG5vdw0KIA0KIyBndWVzdCBhdHRyaWJ1dGUgbWFya2luZyBmaXJzdCBib290IGZpbmlzaGVkDQojIyMjRklSU1RfQk9PVF9LRVk9YWN0aXZhdGVtZS9pcy1maXJzdC1ib290ICAjbWFuYWdlZCBieSBjbG91ZGluaXQgbm90IHJlcQ0KIA0KREVCVUc9JHtERUJVRzo9ZmFsc2V9DQojREVCVUc9JHtERUJVRzo9ZmFsc2V9DQogDQptc2coKQ0Kew0KICAgIGVjaG8gIiRBVjA6ICQqIiAxPiYyDQp9DQogDQpkYmcoKQ0Kew0KICAgICRERUJVRyAmJiBtc2cgIkRFQlVHOiAkKiINCn0NCiANCiMgb3V0cHV0IGFuIGVycm9yIG1lc3NhZ2UsIHdhaXQgNjAgc2Vjb25kcyBhbmQgdGhlbiByZWJvb3QuDQpkaWUoKQ0Kew0KICAgIG1zZyAiRkFUQUw6ICQqIg0KICAgICMgJERFQlVHIHx8IHNsZWVwIDYwDQogICAgIyByZWJvb3RfaG9zdA0KICAgIGV4aXQgMQ0KfQ0KIA0KcmVib290X2hvc3QoKQ0Kew0KICAgIGlmICEgJERFQlVHOyB0aGVuDQogICAgICAgIG1zZyAicmVib290aW5nLi4uIg0KICAgICAgICByZWJvb3QNCiAgICAgICAgc2xlZXAgMTAwMDANCiAgICBmaQ0KICAgIGRiZyAid2Ugd291bGQgYmUgcmVib290aW5nIGhlcmUuIg0KICAgIGV4aXQgMQ0KfQ0KDQojIGZpeCB5dW0uY29uZiBwcm94eSBlbnRyeQ0KIyBmaXh1cF95dW1fcHJveHkoKQ0KIyB7DQojIGVjaG8gLWUgInByb3h5PWh0dHA6Ly8xMC44OC42MS40OjMxMjgiID4+IC9ldGMveXVtLmNvbmYNCiMgfQ0KDQojIyMjIyB0aGlzIGZ1bmN0aW9uIGlzIG9ubHkgdXNlZCB0byBnZXQgdGhlIGRpcmVjdG9yeSBwYXRoIGJ5IGNhbGxpbmcgYWN0aXZhdGVtZS5zaCBzY3JpcHQgaWUuLCBnczovL3Rmcy1ib290c3RyYXAtdXMvYm9vdHN0cmFwL3NjcmlwdHMNCiMjZ2V0X3N0YXJ0dXBfc2NyaXB0X3VybCgpDQojI3sNCiMjICAgICMgTm8gSlE/IFVzZSBQeXRob24hDQojIyAgICAjIFRPRE86IGNoZWNrIGFsbCBhdHRyaWJ1dGUgdHlwZXMsIG5vdCBqdXN0IHByb2plY3QNCiMjICAgIGN1cmwgLVMgLXMgLUggIk1ldGFkYXRhLUZsYXZvcjogR29vZ2xlIiAkTUVUQURBVEFfVVJMIHwgXA0KIyMgICAgICAgIHB5dGhvbiAtYyAnaW1wb3J0IHN5cywganNvbjsgbT1qc29uLmxvYWRzKHN5cy5zdGRpbi5yZWFkKCkpOyBwcmludChtWyJwcm9qZWN0Il1bImF0dHJpYnV0ZXMiXVsic3RhcnR1cC1zY3JpcHQtdXJsIl0pOycNCiMjfQ0KDQpyZWJ1aWxkX3l1bV9tZXRhZGF0YSgpDQp7DQogICAgIyBXaHkgZG8gd2UgaGF2ZSB0byBkbyB0aGlzIT8hDQogICAgbXNnICJDbGVhbiB5dW0gbWV0YWRhdGEgc2V0dGluZ3MiDQogICAgeXVtIGNsZWFuIGFsbA0KICAgIG1zZyAiUmVtb3ZlIHl1bSBjYWNoZSBmaWxlcyINCiAgICBybSAtcmYgL3Zhci9jYWNoZS95dW0vKg0KICAgIG1zZyAiUmVidWlsZCB5dW0gY2FjaGUiDQogICAgeXVtIG1ha2VjYWNoZQ0KfQ0KIA0KIyBsb2FkIG1ldGFkYXRhLiAgaW5zdGFsbHMgJ2pxJyBpZiBpdCdzIG5vdCBhbHJlYWR5IGluc3RhbGxlZCwgYW5kIHRoZW4NCiMgbWVyZ2VzIHByb2plY3QsIGluc3RhbmNlIGFuZCAuZ3Vlc3RBdHRyaWJ1dGVzDQojIGluaXRfbWV0YWRhdGEoKQ0KIyB7DQojICAgICBkYmcgIkluaXQgbWV0YWRhdGEiDQojICAgICBpZiAhIHR5cGUganEgPiAvZGV2L251bGwgMj4mMTsgdGhlbg0KIyAgICAgICAgIG1zZyAianEgbm90IGluc3RhbGxlZC4iDQojICAgICAgICAgeXVtIGluc3RhbGwgLXkganEgfHwgZGllICJGYWlsZWQgdG8gaW5zdGFsbCBKUSEiDQojICAgICBmaQ0KIA0KIyAgICAgIyBub3cgZmV0Y2ggbWV0YWRhdGEgZnJvbSBhenVyZSB1c2VyIGRhdGEgKGhlcmUgbWVyZ2luZyBvZiBpbnN0YW5jZSBhbmQgcHJvamVjdCBhdHRyaWJ1dGVzIGFyZSBub3QgcmVxdWlyZWQgYXMgdGhlIG1lcmdlIGlzIGJlZW4gdGFrZW4gY2FyZSBkaXJlY3RseSBieSB1c2VyZGF0YSkNCiMgICAgIE1FVEFEQVRBPSQoY3VybCAtSCBNZXRhZGF0YTp0cnVlICRCQVNFX1VSTCB8IGpxIC1yICcudXNlckRhdGEgfCBAYmFzZTY0ZCB8IGZyb21qc29uIC5hdHRyaWJ1dGVzJykNCiMgICAgIFtbICQ/ICE9IDAgfHwgJE1FVEFEQVRBID09ICIiIF1dICYmIGRpZSAiRmFpbGVkIHRvIGxvYWQgbWV0YWRhdGEiDQojICAgICBkYmcgIm1ldGFkYXRhOiINCiMgICAgIGRiZyAiLS0tLS0tLS0tIg0KIyAgICAgZGJnICQoZWNobyAiJE1FVEFEQVRBIiB8IGpxIC4pDQojICAgICBkYmcgIi0tLS0tLS0tLSINCiMgfQ0KIA0KZ2V0X2FuZF9leHRyYWN0KCkNCnsNCiAgICBsb2NhbCBTUkNVUkk9JDENCiAgICBsb2NhbCBEU1RESVI9JDINCiAgICBsb2NhbCBGSUxFPSQzDQogICAgbXNnICJEb3dubG9hZGluZyAkU1JDVVJJLyRGSUxFIg0KICAgICNnc3V0aWwgY3AgJFNSQ1VSSS8kRklMRSAkRFNURElSLyRGSUxFDQogICAgd2dldCAkU1JDVVJJLyRGSUxFIC1QICREU1RESVINCiAgICBpZiBbICQ/ICE9IDAgXTsgdGhlbg0KICAgICAgICBtc2cgIkZhaWxlZCB0byBkb3dubG9hZCAkU1JDVVJJLyRGSUxFIC0tIHRoYXQncyBva2F5ISINCiAgICAgICAgcmV0dXJuIDANCiAgICBmaQ0KICAgIG1zZyAiRG93bmxvYWRlZCAkU1JDVVJJLyRGSUxFOiAkKGxzIC1sICREU1RESVIvJEZJTEUpIg0KICAgIGlmIFsgLWYgJERTVERJUi8kRklMRSBdOyB0aGVuDQogICAgICAgIG1zZyAiRXh0cmFjdCAkRFNURElSLyRGSUxFIg0KICAgICAgICB0YXIgLUMgLyAteHp2ZiAkRFNURElSLyRGSUxFIHx8IGRpZSAiRmFpbGVkIHRvIGV4dHJhY3QgJEZJTEUiDQogICAgZmkNCn0NCiANCnJlbW92ZV9leHRlcm5hbF9yZXBvcygpDQp7DQogICAgZm9yIGYgaW4gL2V0Yy95dW0ucmVwb3MuZC8qLnJlcG87IGRvDQogICAgICBpc190ZnNfcmVwbz0kKGVncmVwIC1jaSAnYmFzZXVybC4qbmV4dXMuaW5mcmEuY2xvdWQuMjQ3LWluYy5uZXQnICRmKQ0KICAgICAgaWYgWyAkaXNfdGZzX3JlcG8gLWVxIDAgXTsgdGhlbg0KICAgICAgICBybSAtcmYgJGY7DQogICAgICBmaQ0KICAgIGRvbmUNCn0NCiANCnNldHVwX2Jvb3RzdHJhcF9maWxlcygpDQp7DQogICAgIyBjbGVhciB5dW0gcmVwb3MNCiAgICByZW1vdmVfZXh0ZXJuYWxfcmVwb3MNCiAgICAjIHRoZSBnczovLyBVUkwgd2hlcmUgdGhlIHN0YXJ0dXAgc2NyaXB0IChUaGlzISkgbGl2ZXMuDQogICAgI2xvY2FsIFNUQVJUVVBfU0NSSVBUPSQoZ2V0X3N0YXJ0dXBfc2NyaXB0X3VybCkNCiAgICAjIGJhc2UgJ2RpcmVjdG9yeScgb2Ygc3RhcnR1cCBzY3JpcHQgKHNvIHdlIGNhbiBsb29rIGZvciBvdGhlciBmaWxlcykNCiAgICBsb2NhbCBTVEFSVFVQX0RJUj0kSU1BR0VfUEFUSA0KICAgICMgdHJ5IHRvIGdldCBleHRyYSBmaWxlcyBmb3IgaW1hZ2UNCiAgICBsb2NhbCBUTVBESVI9L3RtcC9ib290c3RyYXAtZmlsZXMNCiAgICBbIC1kICRUTVBESVIgXSAmJiBta2RpciAtcCAkVE1QRElSDQogICAgZ2V0X2FuZF9leHRyYWN0ICRTVEFSVFVQX0RJUiAkVE1QRElSIGJvb3RzdHJhcC0kRkFNSUxZLnRneg0KICAgIGdldF9hbmRfZXh0cmFjdCAkU1RBUlRVUF9ESVIgJFRNUERJUiBib290c3RyYXAtJElNQUdFLnRneg0KICAgICNybSAtcmYgL3RtcC9ib290c3RyYXAtZmlsZXMNCiAgICAjIGFkZCBOZXh1cyBTU0wgY2VydGlmaWNhdGUgdG8gQ0EgYnVuZGxlDQogICAgdXBkYXRlLWNhLXRydXN0IGV4dHJhY3QNCn0NCiANCmZpcnN0X2Jvb3QoKQ0Kew0KICAgIHl1bSBpbnN0YWxsIC15IGRlbHRhcnBtIHx8IG1zZyAiV0FSTklORzogRmFpbGVkIHRvIGluc3RhbGwgZGVsdGFycG0gKENvbnRpbnVpbmcpIg0KICAgIHl1bSB1cGRhdGUgLXkgfHwgZGllICJGYWlsZWQgdG8geXVtIHVwZGF0ZSINCiAgICByZW1vdmVfZXh0ZXJuYWxfcmVwb3MNCiAgICAjaW5zdGFsbF9jbG91ZF9pbml0DQp9DQogDQoNCm1haW4oKQ0Kew0KICAgIGlmICEgdHlwZSB5dW0gPiAvZGV2L251bGwgMj4mMTsgdGhlbg0KICAgICAgICBtc2cgIkNhbid0IGZpbmQgeXVtLiBub3QgY2VudG9zPyINCiAgICAgICAgbXNnICJ1bmFtZTogJCh1bmFtZSAtYSkiDQogICAgICAgIE5FRURfUkVCT09UPWZhbHNlDQogICAgICAgIHJldHVybg0KICAgIGVsc2UNCiANCiAgICAjIGlmIHdlJ3ZlIG5ldmVyIGJlZW4gaGVyZSBiZWZvcmUsIGRvIHNvbWUgaW5pdGlhbCBzdHVmZi4NCiAgICAgICAgbXNnICJUaGlzIGlzIGZpcnN0IGJvb3QuIg0KICAgICAgICBmaXh1cF95dW1fcHJveHkNCiAgICAgICAgc2V0dXBfYm9vdHN0cmFwX2ZpbGVzIHx8IG1zZyAiV0FSTklORzogRmFpbGVkIHRvIGluc3RhbGwgYm9vdHN0cmFwIGZpbGVzIg0KICAgICAgICByZWJ1aWxkX3l1bV9tZXRhZGF0YQ0KICAgICAgICMgaW5pdF9tZXRhZGF0YQ0KICAgICAgICBmaXJzdF9ib290DQogDQogICAgZmkNCn0NCiANCm1zZyAiU3RhcnR1cCAoREVCVUc9JERFQlVHLCBJTUFHRT0ke0lNQUdFfSwgRkFNSUxZPSR7RkFNSUxZfSkiDQogDQppZiBbWyAiJElNQUdFIiA9PSB0ZnMtKiBdXTsgdGhlbg0KICAgIG1zZyAiSW1hZ2UgYWxyZWFkeSBjdXN0b21pemVkLCBzdGFydHVwIHNjcmlwdCBleGl0aW5nLiINCiAgICBleGl0IDANCmZpDQogDQptYWluDQptc2cgIkRvbmUuIChORUVEX1JFQk9PVD0kTkVFRF9SRUJPT1QpIg0KJE5FRURfUkVCT09UICYmIHJlYm9vdF9ob3N0IyEvYmluL3NoDQoNCiMgaW5zdGFsbCB0aGUgc2FsdCBtaW5pb24NCnN1ZG8geXVtIGNsZWFuIGV4cGlyZS1jYWNoZQ0Kc3VkbyB5dW0gaW5zdGFsbCBzYWx0LW1pbmlvbiAteQ0Kc3VkbyBzeXN0ZW1jdGwgZW5hYmxlIHNhbHQtbWluaW9uICYmIHN1ZG8gc3lzdGVtY3RsIHN0YXJ0IHNhbHQtbWluaW9uDQpzdWRvIHl1bSBpbnN0YWxsIHB5dGhvbjMgLXkNCg0KIyBEZWZpbmUgdGhlIFlBTUwgY29udGVudCB0byByZXBsYWNlIC9ldGMvc2FsdC9taW5pb24NCnlhbWxfY29udGVudD0nLS0tDQpjb25maWdfZGlyOiAvZXRjL3NhbHQNCmRpc2FibGVfbW9kdWxlczoNCi0gc3dhcm0NCi0gYm90bzNfZWxhc3RpY3NlYXJjaA0KbG9nX2xldmVsOiB3YXJuaW5nDQptYXN0ZXI6DQotIHNhbHQtY3RscjAxLmluZnJhLnNoYXJlZC51c3cxLmNsb3VkLjI0Ny1pbmMubmV0DQotIHNhbHQtY3RscjAxLmluZnJhLnNoYXJlZC5lYXN0LmNsb3VkLjI0Ny1pbmMubmV0DQotIHNhbHQtY3RscjAyLmluZnJhLnNoYXJlZC51c3cxLmNsb3VkLjI0Ny1pbmMubmV0DQotIHNhbHQtY3RscjAyLmluZnJhLnNoYXJlZC5lYXN0LmNsb3VkLjI0Ny1pbmMubmV0DQptYXN0ZXJfdHJpZXM6IC0xDQpwaW5nX2ludGVydmFsOiAxMA0KcmFuZG9tX21hc3RlcjogdHJ1ZQ0KcmFuZG9tX3N0YXJ0dXBfZGVsYXk6IDEwDQpyZWNvbl9kZWZhdWx0OiA1MDAwDQouLi4nDQoNCiMgUmVtb3ZlIHRoZSBleGlzdGluZyBjb250ZW50IGluIC9ldGMvc2FsdC9taW5pb24NCnN1ZG8gZWNobyAiIiA+IC9ldGMvc2FsdC9taW5pb24NCg0KIyB1cGRhdGluZyB0aGUgZG5zIG5hbWUNCnN1ZG8gZWNobyAiIiA+IC9ldGMvc2FsdC9taW5pb25faWQNCnN1ZG8gZWNobyAiZGV2LXN1cGVyYWRtaW4wMS5zcGVlY2guZGV2LmVhc3R1cy5hemNsb3VkLjI0Ny1pbmMubmV0IiA+IC9ldGMvc2FsdC9taW5pb25faWQNCg0KIyBVcGRhdGUgdGhlIC9ldGMvcmVzb2x2LmNvbmYgZmlsZQ0Kc2VkIC1pICJzL3NlYXJjaCAuKi9zZWFyY2ggc3BlZWNoLmRldi5lYXN0LmF6Y2xvdWQuMjQ3LWluYy5uZXQvIiAvZXRjL3Jlc29sdi5jb25mDQoNCiMgQWRkIHRoZSBZQU1MIGNvbnRlbnQgdG8gL2V0Yy9zYWx0L21pbmlvbg0Kc3VkbyBlY2hvICIkeWFtbF9jb250ZW50IiA+IC9ldGMvc2FsdC9taW5pb24NCg0KDQojIFJlc3RhcnQgdGhlIHNhbHQgbWluaW9uDQpzdWRvIHN5c3RlbWN0bCByZXN0YXJ0IHNhbHQtbWluaW9uDQojIS9iaW4vYmFzaA0KDQpzdWRvIHl1bSBpbnN0YWxsIC15IHB5dGhvbjMNCg0KIyBTZXQgdGhlIGNvbnRlbnQgdmFyaWFibGUNCmNvbnRlbnQ9JChjYXQgPDxFTkQNCiMhL3Vzci9iaW4vZW52IHB5dGhvbg0KaW1wb3J0IHN1YnByb2Nlc3MNCmltcG9ydCBzdHJpbmcNCg0KIyBDcmVhdGUgcGFydGl0aW9uIG9uIGVhY2ggZGlzaw0KbGV0dGVycyA9IHN0cmluZy5hc2NpaV9sb3dlcmNhc2Vbc3RyaW5nLmFzY2lpX2xvd2VyY2FzZS5pbmRleCgnYycpOl0NCmRpc2tfbGlzdCA9IFtmJ3Nke2xldHRlcn0nIGZvciBsZXR0ZXIgaW4gbGV0dGVyc1s6M11dICAjIE9ubHkgZmlyc3QgMyBkaXNrcw0KbW91bnRfbGlzdCA9IFsiL3Zhci90ZWxsbWUiXQ0KDQpmb3IgaSwgZGlzayBpbiBlbnVtZXJhdGUoZGlza19saXN0KToNCiAgICBwYXJ0aXRpb24gPSBmIntkaXNrfTEiDQogICAgbW91bnRfcG9pbnQgPSBtb3VudF9saXN0W2ldDQoNCiAgICAjIENyZWF0ZSBwYXJ0aXRpb24NCiAgICBzdWJwcm9jZXNzLnJ1bihmInN1ZG8gcGFydGVkIC1hIG9wdGltYWwgL2Rldi97ZGlza30gLS1zY3JpcHQgbWtsYWJlbCBncHQgbWtwYXJ0IHByaW1hcnkgZXh0NCAwJSAxMDAlIiwgc2hlbGw9VHJ1ZSkNCg0KICAgICMgRm9ybWF0IHBhcnRpdGlvbiB3aXRoIGV4dDQNCiAgICBzdWJwcm9jZXNzLnJ1bihmInN1ZG8gbWtmcy5leHQ0IC9kZXYve3BhcnRpdGlvbn0iLCBzaGVsbD1UcnVlKQ0KDQogICAgIyBDcmVhdGUgbW91bnQgcG9pbnQgZGlyZWN0b3J5IGlmIGl0IGRvZXNudCBleGlzdA0KICAgIHN1YnByb2Nlc3MucnVuKGYic3VkbyBta2RpciAtcCB7bW91bnRfcG9pbnR9Iiwgc2hlbGw9VHJ1ZSkNCg0KICAgICMgTW91bnQgcGFydGl0aW9uDQogICAgc3VicHJvY2Vzcy5ydW4oZiJzdWRvIG1vdW50IC9kZXYve3BhcnRpdGlvbn0ge21vdW50X3BvaW50fSIsIHNoZWxsPVRydWUpDQoNCiAgICAjIHN5bWJvbGljIGxpbmsNCiAgICBzdWJwcm9jZXNzLnJ1bihmInN1ZG8gbXYgL3Rvb2xzLyAvdmFyL3RlbGxtZS8iLCBzaGVsbD1UcnVlKQ0KICAgIHN1YnByb2Nlc3MucnVuKGYibG4gLXMgL3Zhci90ZWxsbWUvdG9vbHMgL3Rvb2xzIiwgc2hlbGw9VHJ1ZSkNCg0KICAgICMgQWRkIHRvIGZzdGFiIHRvIG1vdW50IGF0IGJvb3QNCiAgICBibGtpZCA9IHN1YnByb2Nlc3MuY2hlY2tfb3V0cHV0KGYic3VkbyBibGtpZCAtcyBVVUlEIC1vIHZhbHVlIC9kZXYve3BhcnRpdGlvbn0iLCBzaGVsbD1UcnVlKS5kZWNvZGUoKS5zdHJpcCgpDQogICAgd2l0aCBzdWJwcm9jZXNzLlBvcGVuKFsnc3VkbycsICd0ZWUnLCAnLWEnLCAnL2V0Yy9mc3RhYiddLCBzdGRpbj1zdWJwcm9jZXNzLlBJUEUpIGFzIGY6DQogICAgICAgIGYuc3RkaW4ud3JpdGUoZiJVVUlEPXtibGtpZH0ge21vdW50X3BvaW50fSBleHQ0IGRlZmF1bHRzLG5vZmFpbCAwIDJcbiIuZW5jb2RlKCd1dGYtOCcpKQ0KRU5EDQopDQoNCiMgV3JpdGUgdGhlIGNvbnRlbnQgdmFyaWFibGUgdG8gdGhlIGZpbGUNCnN1ZG8gZWNobyAiJGNvbnRlbnQiID4gIi9ob21lL2F6dXJlYWRtaW4vZGF0YWRpc2sucHkiDQoNCiMgU2V0IHRoZSBmaWxlIHBlcm1pc3Npb25zDQpzdWRvIGNobW9kICt4ICIvaG9tZS9henVyZWFkbWluL2RhdGFkaXNrLnB5Ig0KDQplY2hvICJkYXRhZGlzay5weSBmaWxlIGNyZWF0ZWQgc3VjY2Vzc2Z1bGx5LiINCg0Kc3VkbyBweXRob24zICIvaG9tZS9henVyZWFkbWluL2RhdGFkaXNrLnB5Ig0K",
            "dedicated_host_group_id": "",
            "dedicated_host_id": "",
            "disable_password_authentication": true,
            "edge_zone": "",
            "encryption_at_host_enabled": false,
            "eviction_policy": "",
            "extensions_time_budget": "PT1H30M",
            "gallery_application": [],
            "id": "/subscriptions/f63b58a1-f8a2-4d25-8dac-4d38aa90a810/resourceGroups/tfs-rg-dev-eu-speech/providers/Microsoft.Compute/virtualMachines/dev-superadmin01.speech.dev.eastus.azcloud.247-inc.net",
            "identity": [
              {
                "identity_ids": null,
                "azuread_group_name": "2260bb8f-6eea-4822-9b5f-662d57f8436f",
                "tenant_id": "42fbd5e8-b41c-40ab-9505-9ce8dd91c3e2",
                "type": "SystemAssigned"
              }
            ],
            "license_type": "",
            "location": "eastus",
            "max_bid_price": -1,
            "name": "dev-superadmin01.speech.dev.eastus.azcloud.247-inc.net",
            "network_interface_ids": [
              "/subscriptions/f63b58a1-f8a2-4d25-8dac-4d38aa90a810/resourceGroups/tfs-rg-dev-eu-speech/providers/Microsoft.Network/networkInterfaces/tfs-nic-dev-east-superadmin-0"
            ],
            "os_disk": [
              {
                "caching": "ReadWrite",
                "diff_disk_settings": [],
                "disk_encryption_set_id": "",
                "disk_size_gb": 64,
                "name": "dev-superadmin01.speech.dev.eastus.azclouOS__1_dd6ed5d2fec147d883fb6b617d3316d7",
                "secure_vm_disk_encryption_set_id": "",
                "security_encryption_type": "",
                "storage_account_type": "Standard_LRS",
                "write_accelerator_enabled": false
              }
            ],
            "patch_assessment_mode": "ImageDefault",
            "patch_mode": "ImageDefault",
            "plan": [
              {
                "name": "rockylinux-9",
                "product": "rockylinux-9",
                "publisher": "erockyenterprisesoftwarefoundationinc1653071250513"
              }
            ],
            "platform_fault_domain": -1,
            "priority": "Regular",
            "private_ip_address": "10.89.42.5",
            "private_ip_addresses": [
              "10.89.42.5"
            ],
            "provision_vm_agent": true,
            "proximity_placement_group_id": "",
            "public_ip_address": "",
            "public_ip_addresses": [],
            "resource_group_name": "tfs-rg-dev-eu-speech",
            "secret": [],
            "secure_boot_enabled": false,
            "size": "Standard_D4as_v4",
            "source_image_id": "/subscriptions/fd2d6291-f998-4e73-95d6-12dc7a0a20c8/resourceGroups/tfs-rg-hub-eu-landingzone/providers/Microsoft.Compute/galleries/rockylinux9/images/rockylinux9/versions/1.0.0",
            "source_image_reference": [],
            "tags": {
              "appliance_owner": "networking",
              "environment": "dev",
              "finance_allocation": "finance_allocation",
              "network_segment": "oos",
              "product": "speech",
              "product_component": "superadmin",
              "project_owner": "speech",
              "risk_zone": "zone1",
              "type_of_appliance": "web"
            },
            "termination_notification": null,
            "timeouts": null,
            "user_data": "ew0KICAgICJhdHRyaWJ1dGVzIjogew0KICAgICJhbHRfZGF0YWNlbnRlciI6ICJ3ZXN0IiwNCiAgICAiZGF0YWNlbnRlciI6ICJlYXN0IiwNCiAgICAiZG5zX25hbWUiOiAiZGV2LXN1cGVyYWRtaW4wMS5zcGVlY2guZGV2LmVhc3R1cy5hemNsb3VkLjI0Ny1pbmMubmV0IiwNCiAgICAiZW52aXJvbm1lbnQiOiAiZGV2IiwNCiAgICAiYXpfYWx0X3JlZ2lvbiI6ICJ3ZXN0dXMiLA0KICAgICJhel9yZWdpb24iOiAiZWFzdHVzIiwNCiAgICAiYXpfem9uZSI6ICIxIiwNCiAgICAiaW5zdGFuY2VfbmFtZSI6ICJzdXBlcmFkbWluMDEiLA0KICAgICJuZXR3b3JrX3R5cGUiOiAib29zLWFwcCIsDQogICAgIm51bWJlciI6ICIxIiwNCiAgICAicHJlZml4IjogImRldiIsDQogICAgInJlbGVhc2VfdHlwZSI6ICJzcGVlY2guc3VwZXJhZG1pbiINCiAgICB9DQogICAgfQ==",
            "virtual_machine_id": "84d22ac4-572f-4cf0-aab2-ef7ee1855029",
            "virtual_machine_scale_set_id": "",
            "vtpm_enabled": false,
            "zone": "1"
          },
          "sensitive_attributes": [],
          "private": "eyJlMmJmYjczMC1lY2FhLTExZTYtOGY4OC0zNDM2M2JjN2M0YzAiOnsiY3JlYXRlIjoyNzAwMDAwMDAwMDAwLCJkZWxldGUiOjI3MDAwMDAwMDAwMDAsInJlYWQiOjMwMDAwMDAwMDAwMCwidXBkYXRlIjoyNzAwMDAwMDAwMDAwfX0=",
          "dependencies": [
            "module.vm.azurerm_network_interface.nic",
            "module.vm.azurerm_proximity_placement_group.appgrp",
            "module.vm.azurerm_public_ip.pip",
            "module.vm.data.azurerm_shared_image_version.image",
            "module.vm.data.azurerm_ssh_public_key.ssh_key",
            "module.vm.data.template_file.datadisk",
            "module.vm.data.template_file.release_type",
            "module.vm.data.template_file.salt",
            "module.vnet.data.terraform_remote_state.subnet"
          ]
        },
        {
          "index_key": 1,
          "schema_version": 0,
          "attributes": {
            "additional_capabilities": [],
            "admin_password": null,
            "admin_ssh_key": [
              {
                "public_key": "ssh-rsa AAAAB3NzaC1yc2EAAAADAQABAAABgQC82EgbusfrvUKRGbN1ONg68LUvvX4bVbyjFa1Ogiu01nZLSusXIuRtVwHT/Bw19WA8kiHveSTW1Vf1jhLrEBEqOgvLUuEKSMMFkEtLZf9znD8R8VRN5QdQwMs6m/6DZMNTchEVBj8K3I6/f7pPGY5sVy/9ZDwlF5L3Bbs2+sQjjLd5d5f9InhstDGPrHvh/MExgpApmkYfdZmSPjqAe7AJHs0w3O2y3240AXKa+eSqiVO42nhnkrSCLiE+gjStWsfoW0faTVayQYgROkQCCrLELXoEwRwAVqeLU0FujhFmrEUnvphAi0I7CG2zIA4oh+id20ZLBUGSobuJGUNgTmvl6z+5rBxJ8GwcYiYtKs+8v+NvQb6nQUzYZIF8e049mMv9SKQpUbBOv/NbGc44gCsmNFuDzBfADr5hmbYbtirgAMsQk2lzW7Vtl51PxhWrw/JtenpJpiLoe2KnqYiZkrJjjpSOyJfAX2BPT6uN/oMnKJ1J1hSwzimIBB9yw5Ynn1U= generated-by-azure",
                "username": "azureadmin"
              }
            ],
            "admin_username": "azureadmin",
            "allow_extension_operations": true,
            "availability_set_id": "",
            "boot_diagnostics": [
              {
                "storage_account_uri": ""
              }
            ],
            "capacity_reservation_group_id": "",
            "computer_name": "dev-superadmin02.speech.dev.eastus.azcloud.247-inc.net",
            "custom_data": "IyEvYmluL2Jhc2gNCiMNCiMgYm9vdHN0cmFwIHNjcmlwdCBmb3IgQXp1cmUgY29tcHV0ZSByZXNvdXJjZXMNCiMNCiMgRGVidWcNCiMgc3VkbyBERUJVRz10cnVlIGJhc2ggLXggL3Jvb3QvYWN0aXZhdGVtZS5zaA0KIw0KIyBuYW1lIG9mIHRoaXMgc2NyaXB0DQpBVjA9ImFjdGl2YXRlbWUiDQogDQojIFVfT1NGQU1JTFk9JChjdXJsIC1zIC1IIE1ldGFkYXRhOnRydWUgLS1ub3Byb3h5ICIqIiBodHRwOi8vMTY5LjI1NC4xNjkuMjU0L21ldGFkYXRhL2luc3RhbmNlP2FwaS12ZXJzaW9uPTIwMjEtMDItMDEgfCBweXRob24gLWMgJ2ltcG9ydCBzeXMsIGpzb247IG09anNvbi5sb2FkcyhzeXMuc3RkaW4ucmVhZCgpKTsgcHJpbnQobVsiY29tcHV0ZSJdWyJvZmZlciJdKTsnKQ0KIyBMX09TRkFNSUxZPSQoZWNobyAiJHtVX09TRkFNSUxZLCx9IikNCiMgTE9OR19PU1ZFUlNJT049JChjdXJsIC1zIC1IIE1ldGFkYXRhOnRydWUgLS1ub3Byb3h5ICIqIiBodHRwOi8vMTY5LjI1NC4xNjkuMjU0L21ldGFkYXRhL2luc3RhbmNlP2FwaS12ZXJzaW9uPTIwMjEtMDItMDEgfCBweXRob24gLWMgJ2ltcG9ydCBzeXMsIGpzb247IG09anNvbi5sb2FkcyhzeXMuc3RkaW4ucmVhZCgpKTsgcHJpbnQobVsiY29tcHV0ZSJdWyJ2ZXJzaW9uIl0pOycpDQojIFNIT1JUX09TVkVSU0lPTj0kKGVjaG8gIiRMT05HX09TVkVSU0lPTiIgfCBhd2sgJ3twcmludCBzdWJzdHIoJDAsMSwxKX0nKQ0KIyBGQU1JTFk9JExfT1NGQU1JTFktJFNIT1JUX09TVkVSU0lPTg0KIA0KIyBpZiB0cnVlLCByZWJvb3Qgd2hlbiB3ZSdyZSBkb25lLg0KTkVFRF9SRUJPT1Q9ZmFsc2UNCiANCiMgVVJMIHRvIEF6dXJlIG1ldGFkYXRhIHNlcnZlcg0KQkFTRV9VUkw9aHR0cDovLzE2OS4yNTQuMTY5LjI1NC9tZXRhZGF0YS9pbnN0YW5jZS9jb21wdXRlP2FwaS12ZXJzaW9uPTIwMjEtMDItMDENCiMjTUVUQURBVEFfVVJMPSIkQkFTRV9VUkwvP2FwaS12ZXJzaW9uPTIwMjEtMDItMDEiDQogDQojI0FUVFJJQlVURV9VUkw9JEJBU0VfVVJML2luc3RhbmNlL2d1ZXN0LWF0dHJpYnV0ZXMNCiANCklNQUdFX1VSTD0kQkFTRV9VUkwvaW5zdGFuY2UvaW1hZ2UNCg0KSU1BR0VfUEFUSD1odHRwczovL3Rmc3N0Z2RldmFjdGl2aXR5bG9ncy5ibG9iLmNvcmUud2luZG93cy5uZXQvYWN0aXZhdGVtZQ0KIyNJTUFHRT0kKGJhc2VuYW1lICIkSU1BR0VfUEFUSCIpDQpJTUFHRT1jb21tb24gICAgI3N0YXRpYyBhcyBvZiBub3cNCkZBTUlMWT1jZW50b3MtNyAjc3RhdGljIGFzIG9mIG5vdw0KIA0KIyBndWVzdCBhdHRyaWJ1dGUgbWFya2luZyBmaXJzdCBib290IGZpbmlzaGVkDQojIyMjRklSU1RfQk9PVF9LRVk9YWN0aXZhdGVtZS9pcy1maXJzdC1ib290ICAjbWFuYWdlZCBieSBjbG91ZGluaXQgbm90IHJlcQ0KIA0KREVCVUc9JHtERUJVRzo9ZmFsc2V9DQojREVCVUc9JHtERUJVRzo9ZmFsc2V9DQogDQptc2coKQ0Kew0KICAgIGVjaG8gIiRBVjA6ICQqIiAxPiYyDQp9DQogDQpkYmcoKQ0Kew0KICAgICRERUJVRyAmJiBtc2cgIkRFQlVHOiAkKiINCn0NCiANCiMgb3V0cHV0IGFuIGVycm9yIG1lc3NhZ2UsIHdhaXQgNjAgc2Vjb25kcyBhbmQgdGhlbiByZWJvb3QuDQpkaWUoKQ0Kew0KICAgIG1zZyAiRkFUQUw6ICQqIg0KICAgICMgJERFQlVHIHx8IHNsZWVwIDYwDQogICAgIyByZWJvb3RfaG9zdA0KICAgIGV4aXQgMQ0KfQ0KIA0KcmVib290X2hvc3QoKQ0Kew0KICAgIGlmICEgJERFQlVHOyB0aGVuDQogICAgICAgIG1zZyAicmVib290aW5nLi4uIg0KICAgICAgICByZWJvb3QNCiAgICAgICAgc2xlZXAgMTAwMDANCiAgICBmaQ0KICAgIGRiZyAid2Ugd291bGQgYmUgcmVib290aW5nIGhlcmUuIg0KICAgIGV4aXQgMQ0KfQ0KDQojIGZpeCB5dW0uY29uZiBwcm94eSBlbnRyeQ0KIyBmaXh1cF95dW1fcHJveHkoKQ0KIyB7DQojIGVjaG8gLWUgInByb3h5PWh0dHA6Ly8xMC44OC42MS40OjMxMjgiID4+IC9ldGMveXVtLmNvbmYNCiMgfQ0KDQojIyMjIyB0aGlzIGZ1bmN0aW9uIGlzIG9ubHkgdXNlZCB0byBnZXQgdGhlIGRpcmVjdG9yeSBwYXRoIGJ5IGNhbGxpbmcgYWN0aXZhdGVtZS5zaCBzY3JpcHQgaWUuLCBnczovL3Rmcy1ib290c3RyYXAtdXMvYm9vdHN0cmFwL3NjcmlwdHMNCiMjZ2V0X3N0YXJ0dXBfc2NyaXB0X3VybCgpDQojI3sNCiMjICAgICMgTm8gSlE/IFVzZSBQeXRob24hDQojIyAgICAjIFRPRE86IGNoZWNrIGFsbCBhdHRyaWJ1dGUgdHlwZXMsIG5vdCBqdXN0IHByb2plY3QNCiMjICAgIGN1cmwgLVMgLXMgLUggIk1ldGFkYXRhLUZsYXZvcjogR29vZ2xlIiAkTUVUQURBVEFfVVJMIHwgXA0KIyMgICAgICAgIHB5dGhvbiAtYyAnaW1wb3J0IHN5cywganNvbjsgbT1qc29uLmxvYWRzKHN5cy5zdGRpbi5yZWFkKCkpOyBwcmludChtWyJwcm9qZWN0Il1bImF0dHJpYnV0ZXMiXVsic3RhcnR1cC1zY3JpcHQtdXJsIl0pOycNCiMjfQ0KDQpyZWJ1aWxkX3l1bV9tZXRhZGF0YSgpDQp7DQogICAgIyBXaHkgZG8gd2UgaGF2ZSB0byBkbyB0aGlzIT8hDQogICAgbXNnICJDbGVhbiB5dW0gbWV0YWRhdGEgc2V0dGluZ3MiDQogICAgeXVtIGNsZWFuIGFsbA0KICAgIG1zZyAiUmVtb3ZlIHl1bSBjYWNoZSBmaWxlcyINCiAgICBybSAtcmYgL3Zhci9jYWNoZS95dW0vKg0KICAgIG1zZyAiUmVidWlsZCB5dW0gY2FjaGUiDQogICAgeXVtIG1ha2VjYWNoZQ0KfQ0KIA0KIyBsb2FkIG1ldGFkYXRhLiAgaW5zdGFsbHMgJ2pxJyBpZiBpdCdzIG5vdCBhbHJlYWR5IGluc3RhbGxlZCwgYW5kIHRoZW4NCiMgbWVyZ2VzIHByb2plY3QsIGluc3RhbmNlIGFuZCAuZ3Vlc3RBdHRyaWJ1dGVzDQojIGluaXRfbWV0YWRhdGEoKQ0KIyB7DQojICAgICBkYmcgIkluaXQgbWV0YWRhdGEiDQojICAgICBpZiAhIHR5cGUganEgPiAvZGV2L251bGwgMj4mMTsgdGhlbg0KIyAgICAgICAgIG1zZyAianEgbm90IGluc3RhbGxlZC4iDQojICAgICAgICAgeXVtIGluc3RhbGwgLXkganEgfHwgZGllICJGYWlsZWQgdG8gaW5zdGFsbCBKUSEiDQojICAgICBmaQ0KIA0KIyAgICAgIyBub3cgZmV0Y2ggbWV0YWRhdGEgZnJvbSBhenVyZSB1c2VyIGRhdGEgKGhlcmUgbWVyZ2luZyBvZiBpbnN0YW5jZSBhbmQgcHJvamVjdCBhdHRyaWJ1dGVzIGFyZSBub3QgcmVxdWlyZWQgYXMgdGhlIG1lcmdlIGlzIGJlZW4gdGFrZW4gY2FyZSBkaXJlY3RseSBieSB1c2VyZGF0YSkNCiMgICAgIE1FVEFEQVRBPSQoY3VybCAtSCBNZXRhZGF0YTp0cnVlICRCQVNFX1VSTCB8IGpxIC1yICcudXNlckRhdGEgfCBAYmFzZTY0ZCB8IGZyb21qc29uIC5hdHRyaWJ1dGVzJykNCiMgICAgIFtbICQ/ICE9IDAgfHwgJE1FVEFEQVRBID09ICIiIF1dICYmIGRpZSAiRmFpbGVkIHRvIGxvYWQgbWV0YWRhdGEiDQojICAgICBkYmcgIm1ldGFkYXRhOiINCiMgICAgIGRiZyAiLS0tLS0tLS0tIg0KIyAgICAgZGJnICQoZWNobyAiJE1FVEFEQVRBIiB8IGpxIC4pDQojICAgICBkYmcgIi0tLS0tLS0tLSINCiMgfQ0KIA0KZ2V0X2FuZF9leHRyYWN0KCkNCnsNCiAgICBsb2NhbCBTUkNVUkk9JDENCiAgICBsb2NhbCBEU1RESVI9JDINCiAgICBsb2NhbCBGSUxFPSQzDQogICAgbXNnICJEb3dubG9hZGluZyAkU1JDVVJJLyRGSUxFIg0KICAgICNnc3V0aWwgY3AgJFNSQ1VSSS8kRklMRSAkRFNURElSLyRGSUxFDQogICAgd2dldCAkU1JDVVJJLyRGSUxFIC1QICREU1RESVINCiAgICBpZiBbICQ/ICE9IDAgXTsgdGhlbg0KICAgICAgICBtc2cgIkZhaWxlZCB0byBkb3dubG9hZCAkU1JDVVJJLyRGSUxFIC0tIHRoYXQncyBva2F5ISINCiAgICAgICAgcmV0dXJuIDANCiAgICBmaQ0KICAgIG1zZyAiRG93bmxvYWRlZCAkU1JDVVJJLyRGSUxFOiAkKGxzIC1sICREU1RESVIvJEZJTEUpIg0KICAgIGlmIFsgLWYgJERTVERJUi8kRklMRSBdOyB0aGVuDQogICAgICAgIG1zZyAiRXh0cmFjdCAkRFNURElSLyRGSUxFIg0KICAgICAgICB0YXIgLUMgLyAteHp2ZiAkRFNURElSLyRGSUxFIHx8IGRpZSAiRmFpbGVkIHRvIGV4dHJhY3QgJEZJTEUiDQogICAgZmkNCn0NCiANCnJlbW92ZV9leHRlcm5hbF9yZXBvcygpDQp7DQogICAgZm9yIGYgaW4gL2V0Yy95dW0ucmVwb3MuZC8qLnJlcG87IGRvDQogICAgICBpc190ZnNfcmVwbz0kKGVncmVwIC1jaSAnYmFzZXVybC4qbmV4dXMuaW5mcmEuY2xvdWQuMjQ3LWluYy5uZXQnICRmKQ0KICAgICAgaWYgWyAkaXNfdGZzX3JlcG8gLWVxIDAgXTsgdGhlbg0KICAgICAgICBybSAtcmYgJGY7DQogICAgICBmaQ0KICAgIGRvbmUNCn0NCiANCnNldHVwX2Jvb3RzdHJhcF9maWxlcygpDQp7DQogICAgIyBjbGVhciB5dW0gcmVwb3MNCiAgICByZW1vdmVfZXh0ZXJuYWxfcmVwb3MNCiAgICAjIHRoZSBnczovLyBVUkwgd2hlcmUgdGhlIHN0YXJ0dXAgc2NyaXB0IChUaGlzISkgbGl2ZXMuDQogICAgI2xvY2FsIFNUQVJUVVBfU0NSSVBUPSQoZ2V0X3N0YXJ0dXBfc2NyaXB0X3VybCkNCiAgICAjIGJhc2UgJ2RpcmVjdG9yeScgb2Ygc3RhcnR1cCBzY3JpcHQgKHNvIHdlIGNhbiBsb29rIGZvciBvdGhlciBmaWxlcykNCiAgICBsb2NhbCBTVEFSVFVQX0RJUj0kSU1BR0VfUEFUSA0KICAgICMgdHJ5IHRvIGdldCBleHRyYSBmaWxlcyBmb3IgaW1hZ2UNCiAgICBsb2NhbCBUTVBESVI9L3RtcC9ib290c3RyYXAtZmlsZXMNCiAgICBbIC1kICRUTVBESVIgXSAmJiBta2RpciAtcCAkVE1QRElSDQogICAgZ2V0X2FuZF9leHRyYWN0ICRTVEFSVFVQX0RJUiAkVE1QRElSIGJvb3RzdHJhcC0kRkFNSUxZLnRneg0KICAgIGdldF9hbmRfZXh0cmFjdCAkU1RBUlRVUF9ESVIgJFRNUERJUiBib290c3RyYXAtJElNQUdFLnRneg0KICAgICNybSAtcmYgL3RtcC9ib290c3RyYXAtZmlsZXMNCiAgICAjIGFkZCBOZXh1cyBTU0wgY2VydGlmaWNhdGUgdG8gQ0EgYnVuZGxlDQogICAgdXBkYXRlLWNhLXRydXN0IGV4dHJhY3QNCn0NCiANCmZpcnN0X2Jvb3QoKQ0Kew0KICAgIHl1bSBpbnN0YWxsIC15IGRlbHRhcnBtIHx8IG1zZyAiV0FSTklORzogRmFpbGVkIHRvIGluc3RhbGwgZGVsdGFycG0gKENvbnRpbnVpbmcpIg0KICAgIHl1bSB1cGRhdGUgLXkgfHwgZGllICJGYWlsZWQgdG8geXVtIHVwZGF0ZSINCiAgICByZW1vdmVfZXh0ZXJuYWxfcmVwb3MNCiAgICAjaW5zdGFsbF9jbG91ZF9pbml0DQp9DQogDQoNCm1haW4oKQ0Kew0KICAgIGlmICEgdHlwZSB5dW0gPiAvZGV2L251bGwgMj4mMTsgdGhlbg0KICAgICAgICBtc2cgIkNhbid0IGZpbmQgeXVtLiBub3QgY2VudG9zPyINCiAgICAgICAgbXNnICJ1bmFtZTogJCh1bmFtZSAtYSkiDQogICAgICAgIE5FRURfUkVCT09UPWZhbHNlDQogICAgICAgIHJldHVybg0KICAgIGVsc2UNCiANCiAgICAjIGlmIHdlJ3ZlIG5ldmVyIGJlZW4gaGVyZSBiZWZvcmUsIGRvIHNvbWUgaW5pdGlhbCBzdHVmZi4NCiAgICAgICAgbXNnICJUaGlzIGlzIGZpcnN0IGJvb3QuIg0KICAgICAgICBmaXh1cF95dW1fcHJveHkNCiAgICAgICAgc2V0dXBfYm9vdHN0cmFwX2ZpbGVzIHx8IG1zZyAiV0FSTklORzogRmFpbGVkIHRvIGluc3RhbGwgYm9vdHN0cmFwIGZpbGVzIg0KICAgICAgICByZWJ1aWxkX3l1bV9tZXRhZGF0YQ0KICAgICAgICMgaW5pdF9tZXRhZGF0YQ0KICAgICAgICBmaXJzdF9ib290DQogDQogICAgZmkNCn0NCiANCm1zZyAiU3RhcnR1cCAoREVCVUc9JERFQlVHLCBJTUFHRT0ke0lNQUdFfSwgRkFNSUxZPSR7RkFNSUxZfSkiDQogDQppZiBbWyAiJElNQUdFIiA9PSB0ZnMtKiBdXTsgdGhlbg0KICAgIG1zZyAiSW1hZ2UgYWxyZWFkeSBjdXN0b21pemVkLCBzdGFydHVwIHNjcmlwdCBleGl0aW5nLiINCiAgICBleGl0IDANCmZpDQogDQptYWluDQptc2cgIkRvbmUuIChORUVEX1JFQk9PVD0kTkVFRF9SRUJPT1QpIg0KJE5FRURfUkVCT09UICYmIHJlYm9vdF9ob3N0IyEvYmluL3NoDQoNCiMgaW5zdGFsbCB0aGUgc2FsdCBtaW5pb24NCnN1ZG8geXVtIGNsZWFuIGV4cGlyZS1jYWNoZQ0Kc3VkbyB5dW0gaW5zdGFsbCBzYWx0LW1pbmlvbiAteQ0Kc3VkbyBzeXN0ZW1jdGwgZW5hYmxlIHNhbHQtbWluaW9uICYmIHN1ZG8gc3lzdGVtY3RsIHN0YXJ0IHNhbHQtbWluaW9uDQpzdWRvIHl1bSBpbnN0YWxsIHB5dGhvbjMgLXkNCg0KIyBEZWZpbmUgdGhlIFlBTUwgY29udGVudCB0byByZXBsYWNlIC9ldGMvc2FsdC9taW5pb24NCnlhbWxfY29udGVudD0nLS0tDQpjb25maWdfZGlyOiAvZXRjL3NhbHQNCmRpc2FibGVfbW9kdWxlczoNCi0gc3dhcm0NCi0gYm90bzNfZWxhc3RpY3NlYXJjaA0KbG9nX2xldmVsOiB3YXJuaW5nDQptYXN0ZXI6DQotIHNhbHQtY3RscjAxLmluZnJhLnNoYXJlZC51c3cxLmNsb3VkLjI0Ny1pbmMubmV0DQotIHNhbHQtY3RscjAxLmluZnJhLnNoYXJlZC5lYXN0LmNsb3VkLjI0Ny1pbmMubmV0DQotIHNhbHQtY3RscjAyLmluZnJhLnNoYXJlZC51c3cxLmNsb3VkLjI0Ny1pbmMubmV0DQotIHNhbHQtY3RscjAyLmluZnJhLnNoYXJlZC5lYXN0LmNsb3VkLjI0Ny1pbmMubmV0DQptYXN0ZXJfdHJpZXM6IC0xDQpwaW5nX2ludGVydmFsOiAxMA0KcmFuZG9tX21hc3RlcjogdHJ1ZQ0KcmFuZG9tX3N0YXJ0dXBfZGVsYXk6IDEwDQpyZWNvbl9kZWZhdWx0OiA1MDAwDQouLi4nDQoNCiMgUmVtb3ZlIHRoZSBleGlzdGluZyBjb250ZW50IGluIC9ldGMvc2FsdC9taW5pb24NCnN1ZG8gZWNobyAiIiA+IC9ldGMvc2FsdC9taW5pb24NCg0KIyB1cGRhdGluZyB0aGUgZG5zIG5hbWUNCnN1ZG8gZWNobyAiIiA+IC9ldGMvc2FsdC9taW5pb25faWQNCnN1ZG8gZWNobyAiZGV2LXN1cGVyYWRtaW4wMi5zcGVlY2guZGV2LmVhc3R1cy5hemNsb3VkLjI0Ny1pbmMubmV0IiA+IC9ldGMvc2FsdC9taW5pb25faWQNCg0KIyBVcGRhdGUgdGhlIC9ldGMvcmVzb2x2LmNvbmYgZmlsZQ0Kc2VkIC1pICJzL3NlYXJjaCAuKi9zZWFyY2ggc3BlZWNoLmRldi5lYXN0LmF6Y2xvdWQuMjQ3LWluYy5uZXQvIiAvZXRjL3Jlc29sdi5jb25mDQoNCiMgQWRkIHRoZSBZQU1MIGNvbnRlbnQgdG8gL2V0Yy9zYWx0L21pbmlvbg0Kc3VkbyBlY2hvICIkeWFtbF9jb250ZW50IiA+IC9ldGMvc2FsdC9taW5pb24NCg0KDQojIFJlc3RhcnQgdGhlIHNhbHQgbWluaW9uDQpzdWRvIHN5c3RlbWN0bCByZXN0YXJ0IHNhbHQtbWluaW9uDQojIS9iaW4vYmFzaA0KDQpzdWRvIHl1bSBpbnN0YWxsIC15IHB5dGhvbjMNCg0KIyBTZXQgdGhlIGNvbnRlbnQgdmFyaWFibGUNCmNvbnRlbnQ9JChjYXQgPDxFTkQNCiMhL3Vzci9iaW4vZW52IHB5dGhvbg0KaW1wb3J0IHN1YnByb2Nlc3MNCmltcG9ydCBzdHJpbmcNCg0KIyBDcmVhdGUgcGFydGl0aW9uIG9uIGVhY2ggZGlzaw0KbGV0dGVycyA9IHN0cmluZy5hc2NpaV9sb3dlcmNhc2Vbc3RyaW5nLmFzY2lpX2xvd2VyY2FzZS5pbmRleCgnYycpOl0NCmRpc2tfbGlzdCA9IFtmJ3Nke2xldHRlcn0nIGZvciBsZXR0ZXIgaW4gbGV0dGVyc1s6M11dICAjIE9ubHkgZmlyc3QgMyBkaXNrcw0KbW91bnRfbGlzdCA9IFsiL3Zhci90ZWxsbWUiXQ0KDQpmb3IgaSwgZGlzayBpbiBlbnVtZXJhdGUoZGlza19saXN0KToNCiAgICBwYXJ0aXRpb24gPSBmIntkaXNrfTEiDQogICAgbW91bnRfcG9pbnQgPSBtb3VudF9saXN0W2ldDQoNCiAgICAjIENyZWF0ZSBwYXJ0aXRpb24NCiAgICBzdWJwcm9jZXNzLnJ1bihmInN1ZG8gcGFydGVkIC1hIG9wdGltYWwgL2Rldi97ZGlza30gLS1zY3JpcHQgbWtsYWJlbCBncHQgbWtwYXJ0IHByaW1hcnkgZXh0NCAwJSAxMDAlIiwgc2hlbGw9VHJ1ZSkNCg0KICAgICMgRm9ybWF0IHBhcnRpdGlvbiB3aXRoIGV4dDQNCiAgICBzdWJwcm9jZXNzLnJ1bihmInN1ZG8gbWtmcy5leHQ0IC9kZXYve3BhcnRpdGlvbn0iLCBzaGVsbD1UcnVlKQ0KDQogICAgIyBDcmVhdGUgbW91bnQgcG9pbnQgZGlyZWN0b3J5IGlmIGl0IGRvZXNudCBleGlzdA0KICAgIHN1YnByb2Nlc3MucnVuKGYic3VkbyBta2RpciAtcCB7bW91bnRfcG9pbnR9Iiwgc2hlbGw9VHJ1ZSkNCg0KICAgICMgTW91bnQgcGFydGl0aW9uDQogICAgc3VicHJvY2Vzcy5ydW4oZiJzdWRvIG1vdW50IC9kZXYve3BhcnRpdGlvbn0ge21vdW50X3BvaW50fSIsIHNoZWxsPVRydWUpDQoNCiAgICAjIHN5bWJvbGljIGxpbmsNCiAgICBzdWJwcm9jZXNzLnJ1bihmInN1ZG8gbXYgL3Rvb2xzLyAvdmFyL3RlbGxtZS8iLCBzaGVsbD1UcnVlKQ0KICAgIHN1YnByb2Nlc3MucnVuKGYibG4gLXMgL3Zhci90ZWxsbWUvdG9vbHMgL3Rvb2xzIiwgc2hlbGw9VHJ1ZSkNCg0KICAgICMgQWRkIHRvIGZzdGFiIHRvIG1vdW50IGF0IGJvb3QNCiAgICBibGtpZCA9IHN1YnByb2Nlc3MuY2hlY2tfb3V0cHV0KGYic3VkbyBibGtpZCAtcyBVVUlEIC1vIHZhbHVlIC9kZXYve3BhcnRpdGlvbn0iLCBzaGVsbD1UcnVlKS5kZWNvZGUoKS5zdHJpcCgpDQogICAgd2l0aCBzdWJwcm9jZXNzLlBvcGVuKFsnc3VkbycsICd0ZWUnLCAnLWEnLCAnL2V0Yy9mc3RhYiddLCBzdGRpbj1zdWJwcm9jZXNzLlBJUEUpIGFzIGY6DQogICAgICAgIGYuc3RkaW4ud3JpdGUoZiJVVUlEPXtibGtpZH0ge21vdW50X3BvaW50fSBleHQ0IGRlZmF1bHRzLG5vZmFpbCAwIDJcbiIuZW5jb2RlKCd1dGYtOCcpKQ0KRU5EDQopDQoNCiMgV3JpdGUgdGhlIGNvbnRlbnQgdmFyaWFibGUgdG8gdGhlIGZpbGUNCnN1ZG8gZWNobyAiJGNvbnRlbnQiID4gIi9ob21lL2F6dXJlYWRtaW4vZGF0YWRpc2sucHkiDQoNCiMgU2V0IHRoZSBmaWxlIHBlcm1pc3Npb25zDQpzdWRvIGNobW9kICt4ICIvaG9tZS9henVyZWFkbWluL2RhdGFkaXNrLnB5Ig0KDQplY2hvICJkYXRhZGlzay5weSBmaWxlIGNyZWF0ZWQgc3VjY2Vzc2Z1bGx5LiINCg0Kc3VkbyBweXRob24zICIvaG9tZS9henVyZWFkbWluL2RhdGFkaXNrLnB5Ig0K",
            "dedicated_host_group_id": "",
            "dedicated_host_id": "",
            "disable_password_authentication": true,
            "edge_zone": "",
            "encryption_at_host_enabled": false,
            "eviction_policy": "",
            "extensions_time_budget": "PT1H30M",
            "gallery_application": [],
            "id": "/subscriptions/f63b58a1-f8a2-4d25-8dac-4d38aa90a810/resourceGroups/tfs-rg-dev-eu-speech/providers/Microsoft.Compute/virtualMachines/dev-superadmin02.speech.dev.eastus.azcloud.247-inc.net",
            "identity": [
              {
                "identity_ids": null,
                "azuread_group_name": "32bf5d11-f433-4c0d-8017-ac4fc63fc7f6",
                "tenant_id": "42fbd5e8-b41c-40ab-9505-9ce8dd91c3e2",
                "type": "SystemAssigned"
              }
            ],
            "license_type": "",
            "location": "eastus",
            "max_bid_price": -1,
            "name": "dev-superadmin02.speech.dev.eastus.azcloud.247-inc.net",
            "network_interface_ids": [
              "/subscriptions/f63b58a1-f8a2-4d25-8dac-4d38aa90a810/resourceGroups/tfs-rg-dev-eu-speech/providers/Microsoft.Network/networkInterfaces/tfs-nic-dev-east-superadmin-1"
            ],
            "os_disk": [
              {
                "caching": "ReadWrite",
                "diff_disk_settings": [],
                "disk_encryption_set_id": "",
                "disk_size_gb": 64,
                "name": "dev-superadmin02.speech.dev.eastus.azclouOS__1_a88eb4c19bd2436da0d89f9a99f945a0",
                "secure_vm_disk_encryption_set_id": "",
                "security_encryption_type": "",
                "storage_account_type": "Standard_LRS",
                "write_accelerator_enabled": false
              }
            ],
            "patch_assessment_mode": "ImageDefault",
            "patch_mode": "ImageDefault",
            "plan": [
              {
                "name": "rockylinux-9",
                "product": "rockylinux-9",
                "publisher": "erockyenterprisesoftwarefoundationinc1653071250513"
              }
            ],
            "platform_fault_domain": -1,
            "priority": "Regular",
            "private_ip_address": "10.89.42.4",
            "private_ip_addresses": [
              "10.89.42.4"
            ],
            "provision_vm_agent": true,
            "proximity_placement_group_id": "",
            "public_ip_address": "",
            "public_ip_addresses": [],
            "resource_group_name": "tfs-rg-dev-eu-speech",
            "secret": [],
            "secure_boot_enabled": false,
            "size": "Standard_D4as_v4",
            "source_image_id": "/subscriptions/fd2d6291-f998-4e73-95d6-12dc7a0a20c8/resourceGroups/tfs-rg-hub-eu-landingzone/providers/Microsoft.Compute/galleries/rockylinux9/images/rockylinux9/versions/1.0.0",
            "source_image_reference": [],
            "tags": {
              "appliance_owner": "networking",
              "environment": "dev",
              "finance_allocation": "finance_allocation",
              "network_segment": "oos",
              "product": "speech",
              "product_component": "superadmin",
              "project_owner": "speech",
              "risk_zone": "zone1",
              "type_of_appliance": "web"
            },
            "termination_notification": null,
            "timeouts": null,
            "user_data": "ew0KICAgICJhdHRyaWJ1dGVzIjogew0KICAgICJhbHRfZGF0YWNlbnRlciI6ICJ3ZXN0IiwNCiAgICAiZGF0YWNlbnRlciI6ICJlYXN0IiwNCiAgICAiZG5zX25hbWUiOiAiZGV2LXN1cGVyYWRtaW4wMi5zcGVlY2guZGV2LmVhc3R1cy5hemNsb3VkLjI0Ny1pbmMubmV0IiwNCiAgICAiZW52aXJvbm1lbnQiOiAiZGV2IiwNCiAgICAiYXpfYWx0X3JlZ2lvbiI6ICJ3ZXN0dXMiLA0KICAgICJhel9yZWdpb24iOiAiZWFzdHVzIiwNCiAgICAiYXpfem9uZSI6ICIyIiwNCiAgICAiaW5zdGFuY2VfbmFtZSI6ICJzdXBlcmFkbWluMDIiLA0KICAgICJuZXR3b3JrX3R5cGUiOiAib29zLWFwcCIsDQogICAgIm51bWJlciI6ICIyIiwNCiAgICAicHJlZml4IjogImRldiIsDQogICAgInJlbGVhc2VfdHlwZSI6ICJzcGVlY2guc3VwZXJhZG1pbiINCiAgICB9DQogICAgfQ==",
            "virtual_machine_id": "6d4832d9-f476-445d-ae65-01e95121651c",
            "virtual_machine_scale_set_id": "",
            "vtpm_enabled": false,
            "zone": "2"
          },
          "sensitive_attributes": [],
          "private": "eyJlMmJmYjczMC1lY2FhLTExZTYtOGY4OC0zNDM2M2JjN2M0YzAiOnsiY3JlYXRlIjoyNzAwMDAwMDAwMDAwLCJkZWxldGUiOjI3MDAwMDAwMDAwMDAsInJlYWQiOjMwMDAwMDAwMDAwMCwidXBkYXRlIjoyNzAwMDAwMDAwMDAwfX0=",
          "dependencies": [
            "module.vm.azurerm_network_interface.nic",
            "module.vm.azurerm_proximity_placement_group.appgrp",
            "module.vm.azurerm_public_ip.pip",
            "module.vm.data.azurerm_shared_image_version.image",
            "module.vm.data.azurerm_ssh_public_key.ssh_key",
            "module.vm.data.template_file.datadisk",
            "module.vm.data.template_file.release_type",
            "module.vm.data.template_file.salt",
            "module.vnet.data.terraform_remote_state.subnet"
          ]
        }
      ]
    },
    {
      "module": "module.vm",
      "mode": "managed",
      "type": "azurerm_network_interface",
      "name": "nic",
      "provider": "provider[\"registry.terraform.io/hashicorp/azurerm\"]",
      "instances": [
        {
          "index_key": 0,
          "schema_version": 0,
          "attributes": {
            "applied_dns_servers": [],
            "dns_servers": [],
            "edge_zone": "",
            "enable_accelerated_networking": true,
            "enable_ip_forwarding": false,
            "id": "/subscriptions/f63b58a1-f8a2-4d25-8dac-4d38aa90a810/resourceGroups/tfs-rg-dev-eu-speech/providers/Microsoft.Network/networkInterfaces/tfs-nic-dev-east-superadmin-0",
            "internal_dns_name_label": "",
            "internal_domain_name_suffix": "lc0xu30hc55ejniskq5hjnhzlg.bx.internal.cloudapp.net",
            "ip_configuration": [
              {
                "gateway_load_balancer_frontend_ip_configuration_id": "",
                "name": "tfs-ipcnfg-dev-east-superadmin-0",
                "primary": true,
                "private_ip_address": "10.89.42.5",
                "private_ip_address_allocation": "Dynamic",
                "private_ip_address_version": "IPv4",
                "public_ip_address_id": "",
                "subnet_id": "/subscriptions/f63b58a1-f8a2-4d25-8dac-4d38aa90a810/resourceGroups/tfs-rg-dev-eu-network/providers/Microsoft.Network/virtualNetworks/tfs-vnet-dev-oos-eu/subnets/tfs-snet-dev-oos-app-eu"
              }
            ],
            "location": "eastus",
            "mac_address": "",
            "name": "tfs-nic-dev-east-superadmin-0",
            "private_ip_address": "10.89.42.5",
            "private_ip_addresses": [
              "10.89.42.5"
            ],
            "resource_group_name": "tfs-rg-dev-eu-speech",
            "tags": {
              "appliance_owner": "networking",
              "environment": "dev",
              "finance_allocation": "finance_allocation",
              "network_segment": "oos",
              "product": "speech",
              "product_component": "superadmin",
              "project_owner": "speech",
              "risk_zone": "zone1",
              "type_of_appliance": "web"
            },
            "timeouts": null,
            "virtual_machine_id": ""
          },
          "sensitive_attributes": [],
          "private": "eyJlMmJmYjczMC1lY2FhLTExZTYtOGY4OC0zNDM2M2JjN2M0YzAiOnsiY3JlYXRlIjoxODAwMDAwMDAwMDAwLCJkZWxldGUiOjE4MDAwMDAwMDAwMDAsInJlYWQiOjMwMDAwMDAwMDAwMCwidXBkYXRlIjoxODAwMDAwMDAwMDAwfX0=",
          "dependencies": [
            "module.vm.azurerm_public_ip.pip",
            "module.vnet.data.terraform_remote_state.subnet"
          ]
        },
        {
          "index_key": 1,
          "schema_version": 0,
          "attributes": {
            "applied_dns_servers": [],
            "dns_servers": [],
            "edge_zone": "",
            "enable_accelerated_networking": true,
            "enable_ip_forwarding": false,
            "id": "/subscriptions/f63b58a1-f8a2-4d25-8dac-4d38aa90a810/resourceGroups/tfs-rg-dev-eu-speech/providers/Microsoft.Network/networkInterfaces/tfs-nic-dev-east-superadmin-1",
            "internal_dns_name_label": "",
            "internal_domain_name_suffix": "lc0xu30hc55ejniskq5hjnhzlg.bx.internal.cloudapp.net",
            "ip_configuration": [
              {
                "gateway_load_balancer_frontend_ip_configuration_id": "",
                "name": "tfs-ipcnfg-dev-east-superadmin-1",
                "primary": true,
                "private_ip_address": "10.89.42.4",
                "private_ip_address_allocation": "Dynamic",
                "private_ip_address_version": "IPv4",
                "public_ip_address_id": "",
                "subnet_id": "/subscriptions/f63b58a1-f8a2-4d25-8dac-4d38aa90a810/resourceGroups/tfs-rg-dev-eu-network/providers/Microsoft.Network/virtualNetworks/tfs-vnet-dev-oos-eu/subnets/tfs-snet-dev-oos-app-eu"
              }
            ],
            "location": "eastus",
            "mac_address": "",
            "name": "tfs-nic-dev-east-superadmin-1",
            "private_ip_address": "10.89.42.4",
            "private_ip_addresses": [
              "10.89.42.4"
            ],
            "resource_group_name": "tfs-rg-dev-eu-speech",
            "tags": {
              "appliance_owner": "networking",
              "environment": "dev",
              "finance_allocation": "finance_allocation",
              "network_segment": "oos",
              "product": "speech",
              "product_component": "superadmin",
              "project_owner": "speech",
              "risk_zone": "zone1",
              "type_of_appliance": "web"
            },
            "timeouts": null,
            "virtual_machine_id": ""
          },
          "sensitive_attributes": [],
          "private": "eyJlMmJmYjczMC1lY2FhLTExZTYtOGY4OC0zNDM2M2JjN2M0YzAiOnsiY3JlYXRlIjoxODAwMDAwMDAwMDAwLCJkZWxldGUiOjE4MDAwMDAwMDAwMDAsInJlYWQiOjMwMDAwMDAwMDAwMCwidXBkYXRlIjoxODAwMDAwMDAwMDAwfX0=",
          "dependencies": [
            "module.vm.azurerm_public_ip.pip",
            "module.vnet.data.terraform_remote_state.subnet"
          ]
        }
      ]
    },
    {
      "module": "module.vm",
      "mode": "managed",
      "type": "azurerm_network_interface_backend_address_pool_association",
      "name": "nic_pool_association",
      "provider": "provider[\"registry.terraform.io/hashicorp/azurerm\"]",
      "instances": [
        {
          "index_key": 0,
          "schema_version": 0,
          "attributes": {
            "backend_address_pool_id": "/subscriptions/f63b58a1-f8a2-4d25-8dac-4d38aa90a810/resourceGroups/tfs-rg-dev-eu-speech/providers/Microsoft.Network/loadBalancers/tfs-ilb-dev-superadmin-eu-speech/backendAddressPools/tfs-ilb-dev-oos-eu-bckpool1",
            "id": "/subscriptions/f63b58a1-f8a2-4d25-8dac-4d38aa90a810/resourceGroups/tfs-rg-dev-eu-speech/providers/Microsoft.Network/networkInterfaces/tfs-nic-dev-east-superadmin-0/ipConfigurations/tfs-ipcnfg-dev-east-superadmin-0|/subscriptions/f63b58a1-f8a2-4d25-8dac-4d38aa90a810/resourceGroups/tfs-rg-dev-eu-speech/providers/Microsoft.Network/loadBalancers/tfs-ilb-dev-superadmin-eu-speech/backendAddressPools/tfs-ilb-dev-oos-eu-bckpool1",
            "ip_configuration_name": "tfs-ipcnfg-dev-east-superadmin-0",
            "network_interface_id": "/subscriptions/f63b58a1-f8a2-4d25-8dac-4d38aa90a810/resourceGroups/tfs-rg-dev-eu-speech/providers/Microsoft.Network/networkInterfaces/tfs-nic-dev-east-superadmin-0",
            "timeouts": null
          },
          "sensitive_attributes": [],
          "private": "eyJlMmJmYjczMC1lY2FhLTExZTYtOGY4OC0zNDM2M2JjN2M0YzAiOnsiY3JlYXRlIjoxODAwMDAwMDAwMDAwLCJkZWxldGUiOjE4MDAwMDAwMDAwMDAsInJlYWQiOjMwMDAwMDAwMDAwMCwidXBkYXRlIjoxODAwMDAwMDAwMDAwfX0=",
          "dependencies": [
            "module.lb.azurerm_lb.lb",
            "module.lb.data.azurerm_subnet.hub",
            "module.lb_rule.azurerm_lb_backend_address_pool.lb_backend",
            "module.lb_rule.data.azurerm_lb.lb",
            "module.vm.azurerm_network_interface.nic",
            "module.vm.azurerm_public_ip.pip",
            "module.vnet.data.terraform_remote_state.subnet"
          ]
        },
        {
          "index_key": 1,
          "schema_version": 0,
          "attributes": {
            "backend_address_pool_id": "/subscriptions/f63b58a1-f8a2-4d25-8dac-4d38aa90a810/resourceGroups/tfs-rg-dev-eu-speech/providers/Microsoft.Network/loadBalancers/tfs-ilb-dev-superadmin-eu-speech/backendAddressPools/tfs-ilb-dev-oos-eu-bckpool1",
            "id": "/subscriptions/f63b58a1-f8a2-4d25-8dac-4d38aa90a810/resourceGroups/tfs-rg-dev-eu-speech/providers/Microsoft.Network/networkInterfaces/tfs-nic-dev-east-superadmin-1/ipConfigurations/tfs-ipcnfg-dev-east-superadmin-1|/subscriptions/f63b58a1-f8a2-4d25-8dac-4d38aa90a810/resourceGroups/tfs-rg-dev-eu-speech/providers/Microsoft.Network/loadBalancers/tfs-ilb-dev-superadmin-eu-speech/backendAddressPools/tfs-ilb-dev-oos-eu-bckpool1",
            "ip_configuration_name": "tfs-ipcnfg-dev-east-superadmin-1",
            "network_interface_id": "/subscriptions/f63b58a1-f8a2-4d25-8dac-4d38aa90a810/resourceGroups/tfs-rg-dev-eu-speech/providers/Microsoft.Network/networkInterfaces/tfs-nic-dev-east-superadmin-1",
            "timeouts": null
          },
          "sensitive_attributes": [],
          "private": "eyJlMmJmYjczMC1lY2FhLTExZTYtOGY4OC0zNDM2M2JjN2M0YzAiOnsiY3JlYXRlIjoxODAwMDAwMDAwMDAwLCJkZWxldGUiOjE4MDAwMDAwMDAwMDAsInJlYWQiOjMwMDAwMDAwMDAwMCwidXBkYXRlIjoxODAwMDAwMDAwMDAwfX0=",
          "dependencies": [
            "module.lb.azurerm_lb.lb",
            "module.lb.data.azurerm_subnet.hub",
            "module.lb_rule.azurerm_lb_backend_address_pool.lb_backend",
            "module.lb_rule.data.azurerm_lb.lb",
            "module.vm.azurerm_network_interface.nic",
            "module.vm.azurerm_public_ip.pip",
            "module.vnet.data.terraform_remote_state.subnet"
          ]
        }
      ]
    },
    {
      "module": "module.vm",
      "mode": "managed",
      "type": "azurerm_virtual_machine_data_disk_attachment",
      "name": "vm",
      "provider": "provider[\"registry.terraform.io/hashicorp/azurerm\"]",
      "instances": [
        {
          "index_key": 0,
          "schema_version": 0,
          "attributes": {
            "caching": "ReadWrite",
            "create_option": "Attach",
            "id": "/subscriptions/f63b58a1-f8a2-4d25-8dac-4d38aa90a810/resourceGroups/tfs-rg-dev-eu-speech/providers/Microsoft.Compute/virtualMachines/dev-superadmin01.speech.dev.eastus.azcloud.247-inc.net/dataDisks/tfs-datadisk-dev-east-superadmin-vm-1-disk-1",
            "lun": 0,
            "managed_disk_id": "/subscriptions/f63b58a1-f8a2-4d25-8dac-4d38aa90a810/resourceGroups/tfs-rg-dev-eu-speech/providers/Microsoft.Compute/disks/tfs-datadisk-dev-east-superadmin-vm-1-disk-1",
            "timeouts": null,
            "virtual_machine_id": "/subscriptions/f63b58a1-f8a2-4d25-8dac-4d38aa90a810/resourceGroups/tfs-rg-dev-eu-speech/providers/Microsoft.Compute/virtualMachines/dev-superadmin01.speech.dev.eastus.azcloud.247-inc.net",
            "write_accelerator_enabled": false
          },
          "sensitive_attributes": [],
          "private": "eyJlMmJmYjczMC1lY2FhLTExZTYtOGY4OC0zNDM2M2JjN2M0YzAiOnsiY3JlYXRlIjoxODAwMDAwMDAwMDAwLCJkZWxldGUiOjE4MDAwMDAwMDAwMDAsInJlYWQiOjMwMDAwMDAwMDAwMCwidXBkYXRlIjoxODAwMDAwMDAwMDAwfX0=",
          "dependencies": [
            "module.vm.azurerm_linux_virtual_machine.vm",
            "module.vm.azurerm_network_interface.nic",
            "module.vm.azurerm_proximity_placement_group.appgrp",
            "module.vm.azurerm_public_ip.pip",
            "module.vm.data.azurerm_managed_disk.existing_disk",
            "module.vm.data.azurerm_shared_image_version.image",
            "module.vm.data.azurerm_ssh_public_key.ssh_key",
            "module.vm.data.template_file.datadisk",
            "module.vm.data.template_file.release_type",
            "module.vm.data.template_file.salt",
            "module.vnet.data.terraform_remote_state.subnet"
          ]
        },
        {
          "index_key": 1,
          "schema_version": 0,
          "attributes": {
            "caching": "ReadWrite",
            "create_option": "Attach",
            "id": "/subscriptions/f63b58a1-f8a2-4d25-8dac-4d38aa90a810/resourceGroups/tfs-rg-dev-eu-speech/providers/Microsoft.Compute/virtualMachines/dev-superadmin02.speech.dev.eastus.azcloud.247-inc.net/dataDisks/tfs-datadisk-dev-east-superadmin-vm-2-disk-1",
            "lun": 0,
            "managed_disk_id": "/subscriptions/f63b58a1-f8a2-4d25-8dac-4d38aa90a810/resourceGroups/tfs-rg-dev-eu-speech/providers/Microsoft.Compute/disks/tfs-datadisk-dev-east-superadmin-vm-2-disk-1",
            "timeouts": null,
            "virtual_machine_id": "/subscriptions/f63b58a1-f8a2-4d25-8dac-4d38aa90a810/resourceGroups/tfs-rg-dev-eu-speech/providers/Microsoft.Compute/virtualMachines/dev-superadmin02.speech.dev.eastus.azcloud.247-inc.net",
            "write_accelerator_enabled": false
          },
          "sensitive_attributes": [],
          "private": "eyJlMmJmYjczMC1lY2FhLTExZTYtOGY4OC0zNDM2M2JjN2M0YzAiOnsiY3JlYXRlIjoxODAwMDAwMDAwMDAwLCJkZWxldGUiOjE4MDAwMDAwMDAwMDAsInJlYWQiOjMwMDAwMDAwMDAwMCwidXBkYXRlIjoxODAwMDAwMDAwMDAwfX0=",
          "dependencies": [
            "module.vm.azurerm_linux_virtual_machine.vm",
            "module.vm.azurerm_network_interface.nic",
            "module.vm.azurerm_proximity_placement_group.appgrp",
            "module.vm.azurerm_public_ip.pip",
            "module.vm.data.azurerm_managed_disk.existing_disk",
            "module.vm.data.azurerm_shared_image_version.image",
            "module.vm.data.azurerm_ssh_public_key.ssh_key",
            "module.vm.data.template_file.datadisk",
            "module.vm.data.template_file.release_type",
            "module.vm.data.template_file.salt",
            "module.vnet.data.terraform_remote_state.subnet"
          ]
        }
      ]
    },
    {
      "module": "module.vm",
      "mode": "managed",
      "type": "azurerm_virtual_machine_extension",
      "name": "linuxlogin",
      "provider": "provider[\"registry.terraform.io/hashicorp/azurerm\"]",
      "instances": [
        {
          "index_key": 0,
          "schema_version": 0,
          "attributes": {
            "auto_upgrade_minor_version": false,
            "automatic_upgrade_enabled": false,
            "failure_suppression_enabled": false,
            "id": "/subscriptions/f63b58a1-f8a2-4d25-8dac-4d38aa90a810/resourceGroups/tfs-rg-dev-eu-speech/providers/Microsoft.Compute/virtualMachines/dev-superadmin01.speech.dev.eastus.azcloud.247-inc.net/extensions/AADSSHLoginForLinux",
            "name": "AADSSHLoginForLinux",
            "protected_settings": null,
            "protected_settings_from_key_vault": [],
            "publisher": "Microsoft.Azure.ActiveDirectory",
            "settings": null,
            "tags": {
              "appliance_owner": "networking",
              "environment": "dev",
              "finance_allocation": "finance_allocation",
              "network_segment": "oos",
              "product": "speech",
              "product_component": "superadmin",
              "project_owner": "speech",
              "risk_zone": "zone1",
              "type_of_appliance": "web"
            },
            "timeouts": null,
            "type": "AADSSHLoginForLinux",
            "type_handler_version": "1.0",
            "virtual_machine_id": "/subscriptions/f63b58a1-f8a2-4d25-8dac-4d38aa90a810/resourceGroups/tfs-rg-dev-eu-speech/providers/Microsoft.Compute/virtualMachines/dev-superadmin01.speech.dev.eastus.azcloud.247-inc.net"
          },
          "sensitive_attributes": [],
          "private": "eyJlMmJmYjczMC1lY2FhLTExZTYtOGY4OC0zNDM2M2JjN2M0YzAiOnsiY3JlYXRlIjoxODAwMDAwMDAwMDAwLCJkZWxldGUiOjE4MDAwMDAwMDAwMDAsInJlYWQiOjMwMDAwMDAwMDAwMCwidXBkYXRlIjoxODAwMDAwMDAwMDAwfX0=",
          "dependencies": [
            "module.vm.azurerm_linux_virtual_machine.vm",
            "module.vm.azurerm_network_interface.nic",
            "module.vm.azurerm_proximity_placement_group.appgrp",
            "module.vm.azurerm_public_ip.pip",
            "module.vm.azurerm_virtual_machine_data_disk_attachment.vm",
            "module.vm.data.azurerm_managed_disk.existing_disk",
            "module.vm.data.azurerm_shared_image_version.image",
            "module.vm.data.azurerm_ssh_public_key.ssh_key",
            "module.vm.data.template_file.datadisk",
            "module.vm.data.template_file.release_type",
            "module.vm.data.template_file.salt",
            "module.vnet.data.terraform_remote_state.subnet"
          ]
        },
        {
          "index_key": 1,
          "schema_version": 0,
          "attributes": {
            "auto_upgrade_minor_version": false,
            "automatic_upgrade_enabled": false,
            "failure_suppression_enabled": false,
            "id": "/subscriptions/f63b58a1-f8a2-4d25-8dac-4d38aa90a810/resourceGroups/tfs-rg-dev-eu-speech/providers/Microsoft.Compute/virtualMachines/dev-superadmin02.speech.dev.eastus.azcloud.247-inc.net/extensions/AADSSHLoginForLinux",
            "name": "AADSSHLoginForLinux",
            "protected_settings": null,
            "protected_settings_from_key_vault": [],
            "publisher": "Microsoft.Azure.ActiveDirectory",
            "settings": null,
            "tags": {
              "appliance_owner": "networking",
              "environment": "dev",
              "finance_allocation": "finance_allocation",
              "network_segment": "oos",
              "product": "speech",
              "product_component": "superadmin",
              "project_owner": "speech",
              "risk_zone": "zone1",
              "type_of_appliance": "web"
            },
            "timeouts": null,
            "type": "AADSSHLoginForLinux",
            "type_handler_version": "1.0",
            "virtual_machine_id": "/subscriptions/f63b58a1-f8a2-4d25-8dac-4d38aa90a810/resourceGroups/tfs-rg-dev-eu-speech/providers/Microsoft.Compute/virtualMachines/dev-superadmin02.speech.dev.eastus.azcloud.247-inc.net"
          },
          "sensitive_attributes": [],
          "private": "eyJlMmJmYjczMC1lY2FhLTExZTYtOGY4OC0zNDM2M2JjN2M0YzAiOnsiY3JlYXRlIjoxODAwMDAwMDAwMDAwLCJkZWxldGUiOjE4MDAwMDAwMDAwMDAsInJlYWQiOjMwMDAwMDAwMDAwMCwidXBkYXRlIjoxODAwMDAwMDAwMDAwfX0=",
          "dependencies": [
            "module.vm.azurerm_linux_virtual_machine.vm",
            "module.vm.azurerm_network_interface.nic",
            "module.vm.azurerm_proximity_placement_group.appgrp",
            "module.vm.azurerm_public_ip.pip",
            "module.vm.azurerm_virtual_machine_data_disk_attachment.vm",
            "module.vm.data.azurerm_managed_disk.existing_disk",
            "module.vm.data.azurerm_shared_image_version.image",
            "module.vm.data.azurerm_ssh_public_key.ssh_key",
            "module.vm.data.template_file.datadisk",
            "module.vm.data.template_file.release_type",
            "module.vm.data.template_file.salt",
            "module.vnet.data.terraform_remote_state.subnet"
          ]
        }
      ]
    },
    {
      "module": "module.vm.module.record",
      "mode": "data",
      "type": "azurerm_private_dns_zone",
      "name": "dns",
      "provider": "module.vm.module.record.provider[\"registry.terraform.io/hashicorp/azurerm\"].hub",
      "instances": [
        {
          "schema_version": 0,
          "attributes": {
            "id": "/subscriptions/fd2d6291-f998-4e73-95d6-12dc7a0a20c8/resourceGroups/tfs-rg-hub-eu-landingzone/providers/Microsoft.Network/privateDnsZones/azcloud.247-inc.net",
            "max_number_of_record_sets": 25000,
            "max_number_of_virtual_network_links": 1000,
            "max_number_of_virtual_network_links_with_registration": 100,
            "name": "azcloud.247-inc.net",
            "number_of_record_sets": 140,
            "resource_group_name": "tfs-rg-hub-eu-landingzone",
            "tags": {
              "environment": "hub",
              "project_owner": "speech"
            },
            "timeouts": null
          },
          "sensitive_attributes": []
        }
      ]
    },
    {
      "module": "module.vm.module.record",
      "mode": "managed",
      "type": "azurerm_private_dns_a_record",
      "name": "a_record",
      "provider": "module.vm.module.record.provider[\"registry.terraform.io/hashicorp/azurerm\"].hub",
      "instances": [
        {
          "index_key": 0,
          "schema_version": 0,
          "attributes": {
            "fqdn": "dev-superadmin01.speech.dev.east.azcloud.247-inc.net.",
            "id": "/subscriptions/fd2d6291-f998-4e73-95d6-12dc7a0a20c8/resourceGroups/tfs-rg-hub-eu-landingzone/providers/Microsoft.Network/privateDnsZones/azcloud.247-inc.net/A/dev-superadmin01.speech.dev.east",
            "name": "dev-superadmin01.speech.dev.east",
            "records": [
              "10.89.42.5"
            ],
            "resource_group_name": "tfs-rg-hub-eu-landingzone",
            "tags": {
              "appliance_owner": "networking",
              "environment": "dev",
              "finance_allocation": "finance_allocation",
              "network_segment": "oos",
              "product": "speech",
              "product_component": "superadmin",
              "project_owner": "speech",
              "risk_zone": "zone1",
              "type_of_appliance": "web"
            },
            "timeouts": null,
            "ttl": 300,
            "zone_name": "azcloud.247-inc.net"
          },
          "sensitive_attributes": [],
          "private": "eyJlMmJmYjczMC1lY2FhLTExZTYtOGY4OC0zNDM2M2JjN2M0YzAiOnsiY3JlYXRlIjoxODAwMDAwMDAwMDAwLCJkZWxldGUiOjE4MDAwMDAwMDAwMDAsInJlYWQiOjMwMDAwMDAwMDAwMCwidXBkYXRlIjoxODAwMDAwMDAwMDAwfX0=",
          "dependencies": [
            "module.vm.azurerm_network_interface.nic",
            "module.vm.azurerm_public_ip.pip",
            "module.vm.module.record.data.azurerm_private_dns_zone.dns",
            "module.vnet.data.terraform_remote_state.subnet"
          ]
        },
        {
          "index_key": 1,
          "schema_version": 0,
          "attributes": {
            "fqdn": "dev-superadmin02.speech.dev.east.azcloud.247-inc.net.",
            "id": "/subscriptions/fd2d6291-f998-4e73-95d6-12dc7a0a20c8/resourceGroups/tfs-rg-hub-eu-landingzone/providers/Microsoft.Network/privateDnsZones/azcloud.247-inc.net/A/dev-superadmin02.speech.dev.east",
            "name": "dev-superadmin02.speech.dev.east",
            "records": [
              "10.89.42.4"
            ],
            "resource_group_name": "tfs-rg-hub-eu-landingzone",
            "tags": {
              "appliance_owner": "networking",
              "environment": "dev",
              "finance_allocation": "finance_allocation",
              "network_segment": "oos",
              "product": "speech",
              "product_component": "superadmin",
              "project_owner": "speech",
              "risk_zone": "zone1",
              "type_of_appliance": "web"
            },
            "timeouts": null,
            "ttl": 300,
            "zone_name": "azcloud.247-inc.net"
          },
          "sensitive_attributes": [],
          "private": "eyJlMmJmYjczMC1lY2FhLTExZTYtOGY4OC0zNDM2M2JjN2M0YzAiOnsiY3JlYXRlIjoxODAwMDAwMDAwMDAwLCJkZWxldGUiOjE4MDAwMDAwMDAwMDAsInJlYWQiOjMwMDAwMDAwMDAwMCwidXBkYXRlIjoxODAwMDAwMDAwMDAwfX0=",
          "dependencies": [
            "module.vm.azurerm_network_interface.nic",
            "module.vm.azurerm_public_ip.pip",
            "module.vm.module.record.data.azurerm_private_dns_zone.dns",
            "module.vnet.data.terraform_remote_state.subnet"
          ]
        }
      ]
    },
    {
      "module": "module.vm.module.record",
      "mode": "managed",
      "type": "azurerm_private_dns_cname_record",
      "name": "cname_record",
      "provider": "module.vm.module.record.provider[\"registry.terraform.io/hashicorp/azurerm\"].hub",
      "instances": [
        {
          "index_key": 0,
          "schema_version": 0,
          "attributes": {
            "fqdn": "dev.superadmin01.speech.dev.east.azcloud.247-inc.net.",
            "id": "/subscriptions/fd2d6291-f998-4e73-95d6-12dc7a0a20c8/resourceGroups/tfs-rg-hub-eu-landingzone/providers/Microsoft.Network/privateDnsZones/azcloud.247-inc.net/CNAME/dev.superadmin01.speech.dev.east",
            "name": "dev.superadmin01.speech.dev.east",
            "record": "www.google.com",
            "resource_group_name": "tfs-rg-hub-eu-landingzone",
            "tags": {
              "appliance_owner": "networking",
              "environment": "dev",
              "finance_allocation": "finance_allocation",
              "network_segment": "oos",
              "product": "speech",
              "product_component": "superadmin",
              "project_owner": "speech",
              "risk_zone": "zone1",
              "type_of_appliance": "web"
            },
            "timeouts": null,
            "ttl": 300,
            "zone_name": "azcloud.247-inc.net"
          },
          "sensitive_attributes": [],
          "private": "eyJlMmJmYjczMC1lY2FhLTExZTYtOGY4OC0zNDM2M2JjN2M0YzAiOnsiY3JlYXRlIjoxODAwMDAwMDAwMDAwLCJkZWxldGUiOjE4MDAwMDAwMDAwMDAsInJlYWQiOjMwMDAwMDAwMDAwMCwidXBkYXRlIjoxODAwMDAwMDAwMDAwfX0=",
          "dependencies": [
            "module.vm.azurerm_network_interface.nic",
            "module.vm.azurerm_public_ip.pip",
            "module.vm.module.record.data.azurerm_private_dns_zone.dns",
            "module.vnet.data.terraform_remote_state.subnet"
          ]
        },
        {
          "index_key": 1,
          "schema_version": 0,
          "attributes": {
            "fqdn": "dev.superadmin02.speech.dev.east.azcloud.247-inc.net.",
            "id": "/subscriptions/fd2d6291-f998-4e73-95d6-12dc7a0a20c8/resourceGroups/tfs-rg-hub-eu-landingzone/providers/Microsoft.Network/privateDnsZones/azcloud.247-inc.net/CNAME/dev.superadmin02.speech.dev.east",
            "name": "dev.superadmin02.speech.dev.east",
            "record": "www.google.com",
            "resource_group_name": "tfs-rg-hub-eu-landingzone",
            "tags": {
              "appliance_owner": "networking",
              "environment": "dev",
              "finance_allocation": "finance_allocation",
              "network_segment": "oos",
              "product": "speech",
              "product_component": "superadmin",
              "project_owner": "speech",
              "risk_zone": "zone1",
              "type_of_appliance": "web"
            },
            "timeouts": null,
            "ttl": 300,
            "zone_name": "azcloud.247-inc.net"
          },
          "sensitive_attributes": [],
          "private": "eyJlMmJmYjczMC1lY2FhLTExZTYtOGY4OC0zNDM2M2JjN2M0YzAiOnsiY3JlYXRlIjoxODAwMDAwMDAwMDAwLCJkZWxldGUiOjE4MDAwMDAwMDAwMDAsInJlYWQiOjMwMDAwMDAwMDAwMCwidXBkYXRlIjoxODAwMDAwMDAwMDAwfX0=",
          "dependencies": [
            "module.vm.azurerm_network_interface.nic",
            "module.vm.azurerm_public_ip.pip",
            "module.vm.module.record.data.azurerm_private_dns_zone.dns",
            "module.vnet.data.terraform_remote_state.subnet"
          ]
        }
      ]
    },
    {
      "module": "module.vm.module.record.module.rg",
      "mode": "data",
      "type": "terraform_remote_state",
      "name": "rg",
      "provider": "provider[\"terraform.io/builtin/terraform\"]",
      "instances": [
        {
          "schema_version": 0,
          "attributes": {
            "backend": "azurerm",
            "config": {
              "value": {
                "container_name": "tfstate",
                "key": "eastus/rg/dev/default.tfstateenv:dev",
                "resource_group_name": "tfs-rg-dev-tfstate",
                "storage_account_name": "tfsstgdevtfstate"
              },
              "type": [
                "object",
                {
                  "container_name": "string",
                  "key": "string",
                  "resource_group_name": "string",
                  "storage_account_name": "string"
                }
              ]
            },
            "defaults": null,
            "outputs": {
              "value": {
                "rg": [
                  "tfs-rg-dev-eu-network",
                  "tfs-rg-dev-eu-dsg",
                  "tfs-rg-dev-eu-speech"
                ],
                "rg_name": "tfs-rg-dev-eu-network"
              },
              "type": [
                "object",
                {
                  "rg": [
                    "tuple",
                    [
                      "string",
                      "string",
                      "string"
                    ]
                  ],
                  "rg_name": "string"
                }
              ]
            },
            "workspace": null
          },
          "sensitive_attributes": []
        }
      ]
    },
    {
      "module": "module.vm.module.rg",
      "mode": "data",
      "type": "terraform_remote_state",
      "name": "rg",
      "provider": "provider[\"terraform.io/builtin/terraform\"]",
      "instances": [
        {
          "schema_version": 0,
          "attributes": {
            "backend": "azurerm",
            "config": {
              "value": {
                "container_name": "tfstate",
                "key": "eastus/rg/dev/default.tfstateenv:dev",
                "resource_group_name": "tfs-rg-dev-tfstate",
                "storage_account_name": "tfsstgdevtfstate"
              },
              "type": [
                "object",
                {
                  "container_name": "string",
                  "key": "string",
                  "resource_group_name": "string",
                  "storage_account_name": "string"
                }
              ]
            },
            "defaults": null,
            "outputs": {
              "value": {
                "rg": [
                  "tfs-rg-dev-eu-network",
                  "tfs-rg-dev-eu-dsg",
                  "tfs-rg-dev-eu-speech"
                ],
                "rg_name": "tfs-rg-dev-eu-network"
              },
              "type": [
                "object",
                {
                  "rg": [
                    "tuple",
                    [
                      "string",
                      "string",
                      "string"
                    ]
                  ],
                  "rg_name": "string"
                }
              ]
            },
            "workspace": null
          },
          "sensitive_attributes": []
        }
      ]
    },
    {
      "module": "module.vm.module.role_assignment[0]",
      "mode": "data",
      "type": "azurerm_client_config",
      "name": "current",
      "provider": "provider[\"registry.terraform.io/hashicorp/azurerm\"]",
      "instances": [
        {
          "schema_version": 0,
          "attributes": {
            "client_id": "04b07795-8ddb-461a-bbee-02f9e1bf7b46",
            "id": "Y2xpZW50Q29uZmlncy9jbGllbnRJZD0wNGIwNzc5NS04ZGRiLTQ2MWEtYmJlZS0wMmY5ZTFiZjdiNDY7b2JqZWN0SWQ9NzI4YzEwNWItZTVhNy00NTk0LWJmOWUtNjZkOWM0NDQ0MmJjO3N1YnNjcmlwdGlvbklkPWY2M2I1OGExLWY4YTItNGQyNS04ZGFjLTRkMzhhYTkwYTgxMDt0ZW5hbnRJZD00MmZiZDVlOC1iNDFjLTQwYWItOTUwNS05Y2U4ZGQ5MWMzZTI=",
            "object_id": "728c105b-e5a7-4594-bf9e-66d9c44442bc",
            "subscription_id": "f63b58a1-f8a2-4d25-8dac-4d38aa90a810",
            "tenant_id": "42fbd5e8-b41c-40ab-9505-9ce8dd91c3e2",
            "timeouts": null
          },
          "sensitive_attributes": []
        }
      ]
    },
    {
      "module": "module.vm.module.role_assignment[0]",
      "mode": "managed",
      "type": "azurerm_role_assignment",
      "name": "vm_login_role_assignment",
      "provider": "provider[\"registry.terraform.io/hashicorp/azurerm\"]",
      "instances": [
        {
          "index_key": 0,
          "schema_version": 0,
          "attributes": {
            "condition": "",
            "condition_version": "",
            "delegated_managed_identity_resource_id": "",
            "description": "",
            "id": "/subscriptions/f63b58a1-f8a2-4d25-8dac-4d38aa90a810/resourceGroups/tfs-rg-dev-eu-speech/providers/Microsoft.Compute/virtualMachines/dev-superadmin01.speech.dev.eastus.azcloud.247-inc.net/providers/Microsoft.Authorization/roleAssignments/afa3a03e-79e8-dc4f-8e02-388d0a0452d3",
            "name": "afa3a03e-79e8-dc4f-8e02-388d0a0452d3",
            "azuread_group_name": "az-dev-speech@247.ai",
            "principal_type": "Group",
            "role_definition_id": "/subscriptions/f63b58a1-f8a2-4d25-8dac-4d38aa90a810/providers/Microsoft.Authorization/roleDefinitions/fa0bef5b-78bb-015d-3d24-03cf945b7ba1",
            "role_definition_name": "247-dev-iam",
            "scope": "/subscriptions/f63b58a1-f8a2-4d25-8dac-4d38aa90a810/resourceGroups/tfs-rg-dev-eu-speech/providers/Microsoft.Compute/virtualMachines/dev-superadmin01.speech.dev.eastus.azcloud.247-inc.net",
            "skip_service_principal_aad_check": null,
            "timeouts": null
          },
          "sensitive_attributes": [],
          "private": "eyJlMmJmYjczMC1lY2FhLTExZTYtOGY4OC0zNDM2M2JjN2M0YzAiOnsiY3JlYXRlIjoxODAwMDAwMDAwMDAwLCJkZWxldGUiOjE4MDAwMDAwMDAwMDAsInJlYWQiOjMwMDAwMDAwMDAwMCwidXBkYXRlIjoxODAwMDAwMDAwMDAwfX0=",
          "dependencies": [
            "module.vm.azurerm_linux_virtual_machine.vm",
            "module.vm.azurerm_network_interface.nic",
            "module.vm.azurerm_proximity_placement_group.appgrp",
            "module.vm.azurerm_public_ip.pip",
            "module.vm.data.azurerm_shared_image_version.image",
            "module.vm.data.azurerm_ssh_public_key.ssh_key",
            "module.vm.data.template_file.datadisk",
            "module.vm.data.template_file.release_type",
            "module.vm.data.template_file.salt",
            "module.vm.module.role_assignment.data.azurerm_client_config.current",
            "module.vm.module.role_assignment.module.role_definition_id.data.terraform_remote_state.policy_def",
            "module.vnet.data.terraform_remote_state.subnet"
          ]
        }
      ]
    },
    {
      "module": "module.vm.module.role_assignment[0].module.role_definition_id",
      "mode": "data",
      "type": "terraform_remote_state",
      "name": "policy_def",
      "provider": "provider[\"terraform.io/builtin/terraform\"]",
      "instances": [
        {
          "schema_version": 0,
          "attributes": {
            "backend": "azurerm",
            "config": {
              "value": {
                "container_name": "tfstate",
                "key": "eastus/custom_role_definition/dev/default.tfstateenv:dev",
                "resource_group_name": "tfs-rg-dev-tfstate",
                "storage_account_name": "tfsstgdevtfstate"
              },
              "type": [
                "object",
                {
                  "container_name": "string",
                  "key": "string",
                  "resource_group_name": "string",
                  "storage_account_name": "string"
                }
              ]
            },
            "defaults": null,
            "outputs": {
              "value": {
                "def_id": [
                  "/subscriptions/f63b58a1-f8a2-4d25-8dac-4d38aa90a810/providers/Microsoft.Authorization/roleDefinitions/fa0bef5b-78bb-015d-3d24-03cf945b7ba1"
                ]
              },
              "type": [
                "object",
                {
                  "def_id": [
                    "tuple",
                    [
                      "string"
                    ]
                  ]
                }
              ]
            },
            "workspace": null
          },
          "sensitive_attributes": []
        }
      ]
    },
    {
      "module": "module.vm.module.role_assignment[1]",
      "mode": "data",
      "type": "azurerm_client_config",
      "name": "current",
      "provider": "provider[\"registry.terraform.io/hashicorp/azurerm\"]",
      "instances": [
        {
          "schema_version": 0,
          "attributes": {
            "client_id": "04b07795-8ddb-461a-bbee-02f9e1bf7b46",
            "id": "Y2xpZW50Q29uZmlncy9jbGllbnRJZD0wNGIwNzc5NS04ZGRiLTQ2MWEtYmJlZS0wMmY5ZTFiZjdiNDY7b2JqZWN0SWQ9NzI4YzEwNWItZTVhNy00NTk0LWJmOWUtNjZkOWM0NDQ0MmJjO3N1YnNjcmlwdGlvbklkPWY2M2I1OGExLWY4YTItNGQyNS04ZGFjLTRkMzhhYTkwYTgxMDt0ZW5hbnRJZD00MmZiZDVlOC1iNDFjLTQwYWItOTUwNS05Y2U4ZGQ5MWMzZTI=",
            "object_id": "728c105b-e5a7-4594-bf9e-66d9c44442bc",
            "subscription_id": "f63b58a1-f8a2-4d25-8dac-4d38aa90a810",
            "tenant_id": "42fbd5e8-b41c-40ab-9505-9ce8dd91c3e2",
            "timeouts": null
          },
          "sensitive_attributes": []
        }
      ]
    },
    {
      "module": "module.vm.module.role_assignment[1]",
      "mode": "managed",
      "type": "azurerm_role_assignment",
      "name": "vm_login_role_assignment",
      "provider": "provider[\"registry.terraform.io/hashicorp/azurerm\"]",
      "instances": [
        {
          "index_key": 0,
          "schema_version": 0,
          "attributes": {
            "condition": "",
            "condition_version": "",
            "delegated_managed_identity_resource_id": "",
            "description": "",
            "id": "/subscriptions/f63b58a1-f8a2-4d25-8dac-4d38aa90a810/resourceGroups/tfs-rg-dev-eu-speech/providers/Microsoft.Compute/virtualMachines/dev-superadmin02.speech.dev.eastus.azcloud.247-inc.net/providers/Microsoft.Authorization/roleAssignments/ce304f10-141e-8404-dbc9-b74a97200551",
            "name": "ce304f10-141e-8404-dbc9-b74a97200551",
            "azuread_group_name": "az-dev-speech@247.ai",
            "principal_type": "Group",
            "role_definition_id": "/subscriptions/f63b58a1-f8a2-4d25-8dac-4d38aa90a810/providers/Microsoft.Authorization/roleDefinitions/fa0bef5b-78bb-015d-3d24-03cf945b7ba1",
            "role_definition_name": "247-dev-iam",
            "scope": "/subscriptions/f63b58a1-f8a2-4d25-8dac-4d38aa90a810/resourceGroups/tfs-rg-dev-eu-speech/providers/Microsoft.Compute/virtualMachines/dev-superadmin02.speech.dev.eastus.azcloud.247-inc.net",
            "skip_service_principal_aad_check": null,
            "timeouts": null
          },
          "sensitive_attributes": [],
          "private": "eyJlMmJmYjczMC1lY2FhLTExZTYtOGY4OC0zNDM2M2JjN2M0YzAiOnsiY3JlYXRlIjoxODAwMDAwMDAwMDAwLCJkZWxldGUiOjE4MDAwMDAwMDAwMDAsInJlYWQiOjMwMDAwMDAwMDAwMCwidXBkYXRlIjoxODAwMDAwMDAwMDAwfX0=",
          "dependencies": [
            "module.vm.azurerm_linux_virtual_machine.vm",
            "module.vm.azurerm_network_interface.nic",
            "module.vm.azurerm_proximity_placement_group.appgrp",
            "module.vm.azurerm_public_ip.pip",
            "module.vm.data.azurerm_shared_image_version.image",
            "module.vm.data.azurerm_ssh_public_key.ssh_key",
            "module.vm.data.template_file.datadisk",
            "module.vm.data.template_file.release_type",
            "module.vm.data.template_file.salt",
            "module.vm.module.role_assignment.data.azurerm_client_config.current",
            "module.vm.module.role_assignment.module.role_definition_id.data.terraform_remote_state.policy_def",
            "module.vnet.data.terraform_remote_state.subnet"
          ]
        }
      ]
    },
    {
      "module": "module.vm.module.role_assignment[1].module.role_definition_id",
      "mode": "data",
      "type": "terraform_remote_state",
      "name": "policy_def",
      "provider": "provider[\"terraform.io/builtin/terraform\"]",
      "instances": [
        {
          "schema_version": 0,
          "attributes": {
            "backend": "azurerm",
            "config": {
              "value": {
                "container_name": "tfstate",
                "key": "eastus/custom_role_definition/dev/default.tfstateenv:dev",
                "resource_group_name": "tfs-rg-dev-tfstate",
                "storage_account_name": "tfsstgdevtfstate"
              },
              "type": [
                "object",
                {
                  "container_name": "string",
                  "key": "string",
                  "resource_group_name": "string",
                  "storage_account_name": "string"
                }
              ]
            },
            "defaults": null,
            "outputs": {
              "value": {
                "def_id": [
                  "/subscriptions/f63b58a1-f8a2-4d25-8dac-4d38aa90a810/providers/Microsoft.Authorization/roleDefinitions/fa0bef5b-78bb-015d-3d24-03cf945b7ba1"
                ]
              },
              "type": [
                "object",
                {
                  "def_id": [
                    "tuple",
                    [
                      "string"
                    ]
                  ]
                }
              ]
            },
            "workspace": null
          },
          "sensitive_attributes": []
        }
      ]
    },
    {
      "module": "module.vm.module.vnet[0]",
      "mode": "data",
      "type": "terraform_remote_state",
      "name": "subnet",
      "provider": "provider[\"terraform.io/builtin/terraform\"]",
      "instances": [
        {
          "schema_version": 0,
          "attributes": {
            "backend": "azurerm",
            "config": {
              "value": {
                "container_name": "tfstate",
                "key": "eastus/vnet/dev/default.tfstateenv:dev",
                "resource_group_name": "tfs-rg-dev-tfstate",
                "storage_account_name": "tfsstgdevtfstate"
              },
              "type": [
                "object",
                {
                  "container_name": "string",
                  "key": "string",
                  "resource_group_name": "string",
                  "storage_account_name": "string"
                }
              ]
            },
            "defaults": null,
            "outputs": {
              "value": {
                "c2c_app": "/subscriptions/f63b58a1-f8a2-4d25-8dac-4d38aa90a810/resourceGroups/tfs-rg-dev-eu-network/providers/Microsoft.Network/virtualNetworks/tfs-vnet-dev-c2c-eu/subnets/tfs-snet-dev-c2c-app-eu",
                "c2c_app_db": "/subscriptions/f63b58a1-f8a2-4d25-8dac-4d38aa90a810/resourceGroups/tfs-rg-dev-eu-network/providers/Microsoft.Network/virtualNetworks/tfs-vnet-dev-c2c-eu/subnets/tfs-snet-dev-c2c-app-data-eu",
                "c2c_lb": "/subscriptions/f63b58a1-f8a2-4d25-8dac-4d38aa90a810/resourceGroups/tfs-rg-dev-eu-network/providers/Microsoft.Network/virtualNetworks/tfs-vnet-dev-c2c-eu/subnets/tfs-snet-dev-c2c-lb-eu",
                "cde_app": "/subscriptions/f63b58a1-f8a2-4d25-8dac-4d38aa90a810/resourceGroups/tfs-rg-dev-eu-network/providers/Microsoft.Network/virtualNetworks/tfs-vnet-dev-cde-eu/subnets/tfs-snet-dev-cde-app-eu",
                "cde_app_db": "/subscriptions/f63b58a1-f8a2-4d25-8dac-4d38aa90a810/resourceGroups/tfs-rg-dev-eu-network/providers/Microsoft.Network/virtualNetworks/tfs-vnet-dev-cde-eu/subnets/tfs-snet-dev-cde-app-data-eu",
                "cde_lb": "/subscriptions/f63b58a1-f8a2-4d25-8dac-4d38aa90a810/resourceGroups/tfs-rg-dev-eu-network/providers/Microsoft.Network/virtualNetworks/tfs-vnet-dev-cde-eu/subnets/tfs-snet-dev-cde-lb-eu",
                "oos_app": "/subscriptions/f63b58a1-f8a2-4d25-8dac-4d38aa90a810/resourceGroups/tfs-rg-dev-eu-network/providers/Microsoft.Network/virtualNetworks/tfs-vnet-dev-oos-eu/subnets/tfs-snet-dev-oos-app-eu",
                "oos_app_db": "/subscriptions/f63b58a1-f8a2-4d25-8dac-4d38aa90a810/resourceGroups/tfs-rg-dev-eu-network/providers/Microsoft.Network/virtualNetworks/tfs-vnet-dev-oos-eu/subnets/tfs-snet-dev-oos-app-data-eu",
                "oos_lb": "/subscriptions/f63b58a1-f8a2-4d25-8dac-4d38aa90a810/resourceGroups/tfs-rg-dev-eu-network/providers/Microsoft.Network/virtualNetworks/tfs-vnet-dev-oos-eu/subnets/tfs-snet-dev-oos-lb-eu",
                "subnet_ids": [
                  "/subscriptions/f63b58a1-f8a2-4d25-8dac-4d38aa90a810/resourceGroups/tfs-rg-dev-eu-network/providers/Microsoft.Network/virtualNetworks/tfs-vnet-dev-c2c-eu/subnets/tfs-snet-dev-c2c-app-eu",
                  "/subscriptions/f63b58a1-f8a2-4d25-8dac-4d38aa90a810/resourceGroups/tfs-rg-dev-eu-network/providers/Microsoft.Network/virtualNetworks/tfs-vnet-dev-c2c-eu/subnets/tfs-snet-dev-c2c-app-data-eu",
                  "/subscriptions/f63b58a1-f8a2-4d25-8dac-4d38aa90a810/resourceGroups/tfs-rg-dev-eu-network/providers/Microsoft.Network/virtualNetworks/tfs-vnet-dev-c2c-eu/subnets/tfs-snet-dev-c2c-lb-eu",
                  "/subscriptions/f63b58a1-f8a2-4d25-8dac-4d38aa90a810/resourceGroups/tfs-rg-dev-eu-network/providers/Microsoft.Network/virtualNetworks/tfs-vnet-dev-cde-eu/subnets/tfs-snet-dev-cde-app-eu",
                  "/subscriptions/f63b58a1-f8a2-4d25-8dac-4d38aa90a810/resourceGroups/tfs-rg-dev-eu-network/providers/Microsoft.Network/virtualNetworks/tfs-vnet-dev-cde-eu/subnets/tfs-snet-dev-cde-app-data-eu",
                  "/subscriptions/f63b58a1-f8a2-4d25-8dac-4d38aa90a810/resourceGroups/tfs-rg-dev-eu-network/providers/Microsoft.Network/virtualNetworks/tfs-vnet-dev-cde-eu/subnets/tfs-snet-dev-cde-lb-eu",
                  "/subscriptions/f63b58a1-f8a2-4d25-8dac-4d38aa90a810/resourceGroups/tfs-rg-dev-eu-network/providers/Microsoft.Network/virtualNetworks/tfs-vnet-dev-oos-eu/subnets/tfs-snet-dev-oos-app-eu",
                  "/subscriptions/f63b58a1-f8a2-4d25-8dac-4d38aa90a810/resourceGroups/tfs-rg-dev-eu-network/providers/Microsoft.Network/virtualNetworks/tfs-vnet-dev-oos-eu/subnets/tfs-snet-dev-oos-app-data-eu",
                  "/subscriptions/f63b58a1-f8a2-4d25-8dac-4d38aa90a810/resourceGroups/tfs-rg-dev-eu-network/providers/Microsoft.Network/virtualNetworks/tfs-vnet-dev-oos-eu/subnets/tfs-snet-dev-oos-lb-eu"
                ],
                "vnet_c2c": "/subscriptions/f63b58a1-f8a2-4d25-8dac-4d38aa90a810/resourceGroups/tfs-rg-dev-eu-network/providers/Microsoft.Network/virtualNetworks/tfs-vnet-dev-c2c-eu",
                "vnet_c2c_name": "tfs-vnet-dev-c2c-eu",
                "vnet_cde": "/subscriptions/f63b58a1-f8a2-4d25-8dac-4d38aa90a810/resourceGroups/tfs-rg-dev-eu-network/providers/Microsoft.Network/virtualNetworks/tfs-vnet-dev-cde-eu",
                "vnet_cde_name": "tfs-vnet-dev-cde-eu",
                "vnet_oos": "/subscriptions/f63b58a1-f8a2-4d25-8dac-4d38aa90a810/resourceGroups/tfs-rg-dev-eu-network/providers/Microsoft.Network/virtualNetworks/tfs-vnet-dev-oos-eu",
                "vnet_oos_name": "tfs-vnet-dev-oos-eu"
              },
              "type": [
                "object",
                {
                  "c2c_app": "string",
                  "c2c_app_db": "string",
                  "c2c_lb": "string",
                  "cde_app": "string",
                  "cde_app_db": "string",
                  "cde_lb": "string",
                  "oos_app": "string",
                  "oos_app_db": "string",
                  "oos_lb": "string",
                  "subnet_ids": [
                    "tuple",
                    [
                      "string",
                      "string",
                      "string",
                      "string",
                      "string",
                      "string",
                      "string",
                      "string",
                      "string"
                    ]
                  ],
                  "vnet_c2c": "string",
                  "vnet_c2c_name": "string",
                  "vnet_cde": "string",
                  "vnet_cde_name": "string",
                  "vnet_oos": "string",
                  "vnet_oos_name": "string"
                }
              ]
            },
            "workspace": null
          },
          "sensitive_attributes": []
        }
      ]
    },
    {
      "module": "module.vm.module.vnet[0]",
      "mode": "data",
      "type": "terraform_remote_state",
      "name": "vnet",
      "provider": "provider[\"terraform.io/builtin/terraform\"]",
      "instances": [
        {
          "schema_version": 0,
          "attributes": {
            "backend": "azurerm",
            "config": {
              "value": {
                "container_name": "tfstate",
                "key": "eastus/vnet/dev/default.tfstateenv:dev",
                "resource_group_name": "tfs-rg-dev-tfstate",
                "storage_account_name": "tfsstgdevtfstate"
              },
              "type": [
                "object",
                {
                  "container_name": "string",
                  "key": "string",
                  "resource_group_name": "string",
                  "storage_account_name": "string"
                }
              ]
            },
            "defaults": null,
            "outputs": {
              "value": {
                "c2c_app": "/subscriptions/f63b58a1-f8a2-4d25-8dac-4d38aa90a810/resourceGroups/tfs-rg-dev-eu-network/providers/Microsoft.Network/virtualNetworks/tfs-vnet-dev-c2c-eu/subnets/tfs-snet-dev-c2c-app-eu",
                "c2c_app_db": "/subscriptions/f63b58a1-f8a2-4d25-8dac-4d38aa90a810/resourceGroups/tfs-rg-dev-eu-network/providers/Microsoft.Network/virtualNetworks/tfs-vnet-dev-c2c-eu/subnets/tfs-snet-dev-c2c-app-data-eu",
                "c2c_lb": "/subscriptions/f63b58a1-f8a2-4d25-8dac-4d38aa90a810/resourceGroups/tfs-rg-dev-eu-network/providers/Microsoft.Network/virtualNetworks/tfs-vnet-dev-c2c-eu/subnets/tfs-snet-dev-c2c-lb-eu",
                "cde_app": "/subscriptions/f63b58a1-f8a2-4d25-8dac-4d38aa90a810/resourceGroups/tfs-rg-dev-eu-network/providers/Microsoft.Network/virtualNetworks/tfs-vnet-dev-cde-eu/subnets/tfs-snet-dev-cde-app-eu",
                "cde_app_db": "/subscriptions/f63b58a1-f8a2-4d25-8dac-4d38aa90a810/resourceGroups/tfs-rg-dev-eu-network/providers/Microsoft.Network/virtualNetworks/tfs-vnet-dev-cde-eu/subnets/tfs-snet-dev-cde-app-data-eu",
                "cde_lb": "/subscriptions/f63b58a1-f8a2-4d25-8dac-4d38aa90a810/resourceGroups/tfs-rg-dev-eu-network/providers/Microsoft.Network/virtualNetworks/tfs-vnet-dev-cde-eu/subnets/tfs-snet-dev-cde-lb-eu",
                "oos_app": "/subscriptions/f63b58a1-f8a2-4d25-8dac-4d38aa90a810/resourceGroups/tfs-rg-dev-eu-network/providers/Microsoft.Network/virtualNetworks/tfs-vnet-dev-oos-eu/subnets/tfs-snet-dev-oos-app-eu",
                "oos_app_db": "/subscriptions/f63b58a1-f8a2-4d25-8dac-4d38aa90a810/resourceGroups/tfs-rg-dev-eu-network/providers/Microsoft.Network/virtualNetworks/tfs-vnet-dev-oos-eu/subnets/tfs-snet-dev-oos-app-data-eu",
                "oos_lb": "/subscriptions/f63b58a1-f8a2-4d25-8dac-4d38aa90a810/resourceGroups/tfs-rg-dev-eu-network/providers/Microsoft.Network/virtualNetworks/tfs-vnet-dev-oos-eu/subnets/tfs-snet-dev-oos-lb-eu",
                "subnet_ids": [
                  "/subscriptions/f63b58a1-f8a2-4d25-8dac-4d38aa90a810/resourceGroups/tfs-rg-dev-eu-network/providers/Microsoft.Network/virtualNetworks/tfs-vnet-dev-c2c-eu/subnets/tfs-snet-dev-c2c-app-eu",
                  "/subscriptions/f63b58a1-f8a2-4d25-8dac-4d38aa90a810/resourceGroups/tfs-rg-dev-eu-network/providers/Microsoft.Network/virtualNetworks/tfs-vnet-dev-c2c-eu/subnets/tfs-snet-dev-c2c-app-data-eu",
                  "/subscriptions/f63b58a1-f8a2-4d25-8dac-4d38aa90a810/resourceGroups/tfs-rg-dev-eu-network/providers/Microsoft.Network/virtualNetworks/tfs-vnet-dev-c2c-eu/subnets/tfs-snet-dev-c2c-lb-eu",
                  "/subscriptions/f63b58a1-f8a2-4d25-8dac-4d38aa90a810/resourceGroups/tfs-rg-dev-eu-network/providers/Microsoft.Network/virtualNetworks/tfs-vnet-dev-cde-eu/subnets/tfs-snet-dev-cde-app-eu",
                  "/subscriptions/f63b58a1-f8a2-4d25-8dac-4d38aa90a810/resourceGroups/tfs-rg-dev-eu-network/providers/Microsoft.Network/virtualNetworks/tfs-vnet-dev-cde-eu/subnets/tfs-snet-dev-cde-app-data-eu",
                  "/subscriptions/f63b58a1-f8a2-4d25-8dac-4d38aa90a810/resourceGroups/tfs-rg-dev-eu-network/providers/Microsoft.Network/virtualNetworks/tfs-vnet-dev-cde-eu/subnets/tfs-snet-dev-cde-lb-eu",
                  "/subscriptions/f63b58a1-f8a2-4d25-8dac-4d38aa90a810/resourceGroups/tfs-rg-dev-eu-network/providers/Microsoft.Network/virtualNetworks/tfs-vnet-dev-oos-eu/subnets/tfs-snet-dev-oos-app-eu",
                  "/subscriptions/f63b58a1-f8a2-4d25-8dac-4d38aa90a810/resourceGroups/tfs-rg-dev-eu-network/providers/Microsoft.Network/virtualNetworks/tfs-vnet-dev-oos-eu/subnets/tfs-snet-dev-oos-app-data-eu",
                  "/subscriptions/f63b58a1-f8a2-4d25-8dac-4d38aa90a810/resourceGroups/tfs-rg-dev-eu-network/providers/Microsoft.Network/virtualNetworks/tfs-vnet-dev-oos-eu/subnets/tfs-snet-dev-oos-lb-eu"
                ],
                "vnet_c2c": "/subscriptions/f63b58a1-f8a2-4d25-8dac-4d38aa90a810/resourceGroups/tfs-rg-dev-eu-network/providers/Microsoft.Network/virtualNetworks/tfs-vnet-dev-c2c-eu",
                "vnet_c2c_name": "tfs-vnet-dev-c2c-eu",
                "vnet_cde": "/subscriptions/f63b58a1-f8a2-4d25-8dac-4d38aa90a810/resourceGroups/tfs-rg-dev-eu-network/providers/Microsoft.Network/virtualNetworks/tfs-vnet-dev-cde-eu",
                "vnet_cde_name": "tfs-vnet-dev-cde-eu",
                "vnet_oos": "/subscriptions/f63b58a1-f8a2-4d25-8dac-4d38aa90a810/resourceGroups/tfs-rg-dev-eu-network/providers/Microsoft.Network/virtualNetworks/tfs-vnet-dev-oos-eu",
                "vnet_oos_name": "tfs-vnet-dev-oos-eu"
              },
              "type": [
                "object",
                {
                  "c2c_app": "string",
                  "c2c_app_db": "string",
                  "c2c_lb": "string",
                  "cde_app": "string",
                  "cde_app_db": "string",
                  "cde_lb": "string",
                  "oos_app": "string",
                  "oos_app_db": "string",
                  "oos_lb": "string",
                  "subnet_ids": [
                    "tuple",
                    [
                      "string",
                      "string",
                      "string",
                      "string",
                      "string",
                      "string",
                      "string",
                      "string",
                      "string"
                    ]
                  ],
                  "vnet_c2c": "string",
                  "vnet_c2c_name": "string",
                  "vnet_cde": "string",
                  "vnet_cde_name": "string",
                  "vnet_oos": "string",
                  "vnet_oos_name": "string"
                }
              ]
            },
            "workspace": null
          },
          "sensitive_attributes": []
        }
      ]
    },
    {
      "module": "module.vnet",
      "mode": "data",
      "type": "terraform_remote_state",
      "name": "subnet",
      "provider": "provider[\"terraform.io/builtin/terraform\"]",
      "instances": [
        {
          "schema_version": 0,
          "attributes": {
            "backend": "azurerm",
            "config": {
              "value": {
                "container_name": "tfstate",
                "key": "eastus/vnet/dev/default.tfstateenv:dev",
                "resource_group_name": "tfs-rg-dev-tfstate",
                "storage_account_name": "tfsstgdevtfstate"
              },
              "type": [
                "object",
                {
                  "container_name": "string",
                  "key": "string",
                  "resource_group_name": "string",
                  "storage_account_name": "string"
                }
              ]
            },
            "defaults": null,
            "outputs": {
              "value": {
                "c2c_app": "/subscriptions/f63b58a1-f8a2-4d25-8dac-4d38aa90a810/resourceGroups/tfs-rg-dev-eu-network/providers/Microsoft.Network/virtualNetworks/tfs-vnet-dev-c2c-eu/subnets/tfs-snet-dev-c2c-app-eu",
                "c2c_app_db": "/subscriptions/f63b58a1-f8a2-4d25-8dac-4d38aa90a810/resourceGroups/tfs-rg-dev-eu-network/providers/Microsoft.Network/virtualNetworks/tfs-vnet-dev-c2c-eu/subnets/tfs-snet-dev-c2c-app-data-eu",
                "c2c_lb": "/subscriptions/f63b58a1-f8a2-4d25-8dac-4d38aa90a810/resourceGroups/tfs-rg-dev-eu-network/providers/Microsoft.Network/virtualNetworks/tfs-vnet-dev-c2c-eu/subnets/tfs-snet-dev-c2c-lb-eu",
                "cde_app": "/subscriptions/f63b58a1-f8a2-4d25-8dac-4d38aa90a810/resourceGroups/tfs-rg-dev-eu-network/providers/Microsoft.Network/virtualNetworks/tfs-vnet-dev-cde-eu/subnets/tfs-snet-dev-cde-app-eu",
                "cde_app_db": "/subscriptions/f63b58a1-f8a2-4d25-8dac-4d38aa90a810/resourceGroups/tfs-rg-dev-eu-network/providers/Microsoft.Network/virtualNetworks/tfs-vnet-dev-cde-eu/subnets/tfs-snet-dev-cde-app-data-eu",
                "cde_lb": "/subscriptions/f63b58a1-f8a2-4d25-8dac-4d38aa90a810/resourceGroups/tfs-rg-dev-eu-network/providers/Microsoft.Network/virtualNetworks/tfs-vnet-dev-cde-eu/subnets/tfs-snet-dev-cde-lb-eu",
                "oos_app": "/subscriptions/f63b58a1-f8a2-4d25-8dac-4d38aa90a810/resourceGroups/tfs-rg-dev-eu-network/providers/Microsoft.Network/virtualNetworks/tfs-vnet-dev-oos-eu/subnets/tfs-snet-dev-oos-app-eu",
                "oos_app_db": "/subscriptions/f63b58a1-f8a2-4d25-8dac-4d38aa90a810/resourceGroups/tfs-rg-dev-eu-network/providers/Microsoft.Network/virtualNetworks/tfs-vnet-dev-oos-eu/subnets/tfs-snet-dev-oos-app-data-eu",
                "oos_lb": "/subscriptions/f63b58a1-f8a2-4d25-8dac-4d38aa90a810/resourceGroups/tfs-rg-dev-eu-network/providers/Microsoft.Network/virtualNetworks/tfs-vnet-dev-oos-eu/subnets/tfs-snet-dev-oos-lb-eu",
                "subnet_ids": [
                  "/subscriptions/f63b58a1-f8a2-4d25-8dac-4d38aa90a810/resourceGroups/tfs-rg-dev-eu-network/providers/Microsoft.Network/virtualNetworks/tfs-vnet-dev-c2c-eu/subnets/tfs-snet-dev-c2c-app-eu",
                  "/subscriptions/f63b58a1-f8a2-4d25-8dac-4d38aa90a810/resourceGroups/tfs-rg-dev-eu-network/providers/Microsoft.Network/virtualNetworks/tfs-vnet-dev-c2c-eu/subnets/tfs-snet-dev-c2c-app-data-eu",
                  "/subscriptions/f63b58a1-f8a2-4d25-8dac-4d38aa90a810/resourceGroups/tfs-rg-dev-eu-network/providers/Microsoft.Network/virtualNetworks/tfs-vnet-dev-c2c-eu/subnets/tfs-snet-dev-c2c-lb-eu",
                  "/subscriptions/f63b58a1-f8a2-4d25-8dac-4d38aa90a810/resourceGroups/tfs-rg-dev-eu-network/providers/Microsoft.Network/virtualNetworks/tfs-vnet-dev-cde-eu/subnets/tfs-snet-dev-cde-app-eu",
                  "/subscriptions/f63b58a1-f8a2-4d25-8dac-4d38aa90a810/resourceGroups/tfs-rg-dev-eu-network/providers/Microsoft.Network/virtualNetworks/tfs-vnet-dev-cde-eu/subnets/tfs-snet-dev-cde-app-data-eu",
                  "/subscriptions/f63b58a1-f8a2-4d25-8dac-4d38aa90a810/resourceGroups/tfs-rg-dev-eu-network/providers/Microsoft.Network/virtualNetworks/tfs-vnet-dev-cde-eu/subnets/tfs-snet-dev-cde-lb-eu",
                  "/subscriptions/f63b58a1-f8a2-4d25-8dac-4d38aa90a810/resourceGroups/tfs-rg-dev-eu-network/providers/Microsoft.Network/virtualNetworks/tfs-vnet-dev-oos-eu/subnets/tfs-snet-dev-oos-app-eu",
                  "/subscriptions/f63b58a1-f8a2-4d25-8dac-4d38aa90a810/resourceGroups/tfs-rg-dev-eu-network/providers/Microsoft.Network/virtualNetworks/tfs-vnet-dev-oos-eu/subnets/tfs-snet-dev-oos-app-data-eu",
                  "/subscriptions/f63b58a1-f8a2-4d25-8dac-4d38aa90a810/resourceGroups/tfs-rg-dev-eu-network/providers/Microsoft.Network/virtualNetworks/tfs-vnet-dev-oos-eu/subnets/tfs-snet-dev-oos-lb-eu"
                ],
                "vnet_c2c": "/subscriptions/f63b58a1-f8a2-4d25-8dac-4d38aa90a810/resourceGroups/tfs-rg-dev-eu-network/providers/Microsoft.Network/virtualNetworks/tfs-vnet-dev-c2c-eu",
                "vnet_c2c_name": "tfs-vnet-dev-c2c-eu",
                "vnet_cde": "/subscriptions/f63b58a1-f8a2-4d25-8dac-4d38aa90a810/resourceGroups/tfs-rg-dev-eu-network/providers/Microsoft.Network/virtualNetworks/tfs-vnet-dev-cde-eu",
                "vnet_cde_name": "tfs-vnet-dev-cde-eu",
                "vnet_oos": "/subscriptions/f63b58a1-f8a2-4d25-8dac-4d38aa90a810/resourceGroups/tfs-rg-dev-eu-network/providers/Microsoft.Network/virtualNetworks/tfs-vnet-dev-oos-eu",
                "vnet_oos_name": "tfs-vnet-dev-oos-eu"
              },
              "type": [
                "object",
                {
                  "c2c_app": "string",
                  "c2c_app_db": "string",
                  "c2c_lb": "string",
                  "cde_app": "string",
                  "cde_app_db": "string",
                  "cde_lb": "string",
                  "oos_app": "string",
                  "oos_app_db": "string",
                  "oos_lb": "string",
                  "subnet_ids": [
                    "tuple",
                    [
                      "string",
                      "string",
                      "string",
                      "string",
                      "string",
                      "string",
                      "string",
                      "string",
                      "string"
                    ]
                  ],
                  "vnet_c2c": "string",
                  "vnet_c2c_name": "string",
                  "vnet_cde": "string",
                  "vnet_cde_name": "string",
                  "vnet_oos": "string",
                  "vnet_oos_name": "string"
                }
              ]
            },
            "workspace": null
          },
          "sensitive_attributes": []
        }
      ]
    },
    {
      "module": "module.vnet",
      "mode": "data",
      "type": "terraform_remote_state",
      "name": "vnet",
      "provider": "provider[\"terraform.io/builtin/terraform\"]",
      "instances": [
        {
          "schema_version": 0,
          "attributes": {
            "backend": "azurerm",
            "config": {
              "value": {
                "container_name": "tfstate",
                "key": "eastus/vnet/dev/default.tfstateenv:dev",
                "resource_group_name": "tfs-rg-dev-tfstate",
                "storage_account_name": "tfsstgdevtfstate"
              },
              "type": [
                "object",
                {
                  "container_name": "string",
                  "key": "string",
                  "resource_group_name": "string",
                  "storage_account_name": "string"
                }
              ]
            },
            "defaults": null,
            "outputs": {
              "value": {
                "c2c_app": "/subscriptions/f63b58a1-f8a2-4d25-8dac-4d38aa90a810/resourceGroups/tfs-rg-dev-eu-network/providers/Microsoft.Network/virtualNetworks/tfs-vnet-dev-c2c-eu/subnets/tfs-snet-dev-c2c-app-eu",
                "c2c_app_db": "/subscriptions/f63b58a1-f8a2-4d25-8dac-4d38aa90a810/resourceGroups/tfs-rg-dev-eu-network/providers/Microsoft.Network/virtualNetworks/tfs-vnet-dev-c2c-eu/subnets/tfs-snet-dev-c2c-app-data-eu",
                "c2c_lb": "/subscriptions/f63b58a1-f8a2-4d25-8dac-4d38aa90a810/resourceGroups/tfs-rg-dev-eu-network/providers/Microsoft.Network/virtualNetworks/tfs-vnet-dev-c2c-eu/subnets/tfs-snet-dev-c2c-lb-eu",
                "cde_app": "/subscriptions/f63b58a1-f8a2-4d25-8dac-4d38aa90a810/resourceGroups/tfs-rg-dev-eu-network/providers/Microsoft.Network/virtualNetworks/tfs-vnet-dev-cde-eu/subnets/tfs-snet-dev-cde-app-eu",
                "cde_app_db": "/subscriptions/f63b58a1-f8a2-4d25-8dac-4d38aa90a810/resourceGroups/tfs-rg-dev-eu-network/providers/Microsoft.Network/virtualNetworks/tfs-vnet-dev-cde-eu/subnets/tfs-snet-dev-cde-app-data-eu",
                "cde_lb": "/subscriptions/f63b58a1-f8a2-4d25-8dac-4d38aa90a810/resourceGroups/tfs-rg-dev-eu-network/providers/Microsoft.Network/virtualNetworks/tfs-vnet-dev-cde-eu/subnets/tfs-snet-dev-cde-lb-eu",
                "oos_app": "/subscriptions/f63b58a1-f8a2-4d25-8dac-4d38aa90a810/resourceGroups/tfs-rg-dev-eu-network/providers/Microsoft.Network/virtualNetworks/tfs-vnet-dev-oos-eu/subnets/tfs-snet-dev-oos-app-eu",
                "oos_app_db": "/subscriptions/f63b58a1-f8a2-4d25-8dac-4d38aa90a810/resourceGroups/tfs-rg-dev-eu-network/providers/Microsoft.Network/virtualNetworks/tfs-vnet-dev-oos-eu/subnets/tfs-snet-dev-oos-app-data-eu",
                "oos_lb": "/subscriptions/f63b58a1-f8a2-4d25-8dac-4d38aa90a810/resourceGroups/tfs-rg-dev-eu-network/providers/Microsoft.Network/virtualNetworks/tfs-vnet-dev-oos-eu/subnets/tfs-snet-dev-oos-lb-eu",
                "subnet_ids": [
                  "/subscriptions/f63b58a1-f8a2-4d25-8dac-4d38aa90a810/resourceGroups/tfs-rg-dev-eu-network/providers/Microsoft.Network/virtualNetworks/tfs-vnet-dev-c2c-eu/subnets/tfs-snet-dev-c2c-app-eu",
                  "/subscriptions/f63b58a1-f8a2-4d25-8dac-4d38aa90a810/resourceGroups/tfs-rg-dev-eu-network/providers/Microsoft.Network/virtualNetworks/tfs-vnet-dev-c2c-eu/subnets/tfs-snet-dev-c2c-app-data-eu",
                  "/subscriptions/f63b58a1-f8a2-4d25-8dac-4d38aa90a810/resourceGroups/tfs-rg-dev-eu-network/providers/Microsoft.Network/virtualNetworks/tfs-vnet-dev-c2c-eu/subnets/tfs-snet-dev-c2c-lb-eu",
                  "/subscriptions/f63b58a1-f8a2-4d25-8dac-4d38aa90a810/resourceGroups/tfs-rg-dev-eu-network/providers/Microsoft.Network/virtualNetworks/tfs-vnet-dev-cde-eu/subnets/tfs-snet-dev-cde-app-eu",
                  "/subscriptions/f63b58a1-f8a2-4d25-8dac-4d38aa90a810/resourceGroups/tfs-rg-dev-eu-network/providers/Microsoft.Network/virtualNetworks/tfs-vnet-dev-cde-eu/subnets/tfs-snet-dev-cde-app-data-eu",
                  "/subscriptions/f63b58a1-f8a2-4d25-8dac-4d38aa90a810/resourceGroups/tfs-rg-dev-eu-network/providers/Microsoft.Network/virtualNetworks/tfs-vnet-dev-cde-eu/subnets/tfs-snet-dev-cde-lb-eu",
                  "/subscriptions/f63b58a1-f8a2-4d25-8dac-4d38aa90a810/resourceGroups/tfs-rg-dev-eu-network/providers/Microsoft.Network/virtualNetworks/tfs-vnet-dev-oos-eu/subnets/tfs-snet-dev-oos-app-eu",
                  "/subscriptions/f63b58a1-f8a2-4d25-8dac-4d38aa90a810/resourceGroups/tfs-rg-dev-eu-network/providers/Microsoft.Network/virtualNetworks/tfs-vnet-dev-oos-eu/subnets/tfs-snet-dev-oos-app-data-eu",
                  "/subscriptions/f63b58a1-f8a2-4d25-8dac-4d38aa90a810/resourceGroups/tfs-rg-dev-eu-network/providers/Microsoft.Network/virtualNetworks/tfs-vnet-dev-oos-eu/subnets/tfs-snet-dev-oos-lb-eu"
                ],
                "vnet_c2c": "/subscriptions/f63b58a1-f8a2-4d25-8dac-4d38aa90a810/resourceGroups/tfs-rg-dev-eu-network/providers/Microsoft.Network/virtualNetworks/tfs-vnet-dev-c2c-eu",
                "vnet_c2c_name": "tfs-vnet-dev-c2c-eu",
                "vnet_cde": "/subscriptions/f63b58a1-f8a2-4d25-8dac-4d38aa90a810/resourceGroups/tfs-rg-dev-eu-network/providers/Microsoft.Network/virtualNetworks/tfs-vnet-dev-cde-eu",
                "vnet_cde_name": "tfs-vnet-dev-cde-eu",
                "vnet_oos": "/subscriptions/f63b58a1-f8a2-4d25-8dac-4d38aa90a810/resourceGroups/tfs-rg-dev-eu-network/providers/Microsoft.Network/virtualNetworks/tfs-vnet-dev-oos-eu",
                "vnet_oos_name": "tfs-vnet-dev-oos-eu"
              },
              "type": [
                "object",
                {
                  "c2c_app": "string",
                  "c2c_app_db": "string",
                  "c2c_lb": "string",
                  "cde_app": "string",
                  "cde_app_db": "string",
                  "cde_lb": "string",
                  "oos_app": "string",
                  "oos_app_db": "string",
                  "oos_lb": "string",
                  "subnet_ids": [
                    "tuple",
                    [
                      "string",
                      "string",
                      "string",
                      "string",
                      "string",
                      "string",
                      "string",
                      "string",
                      "string"
                    ]
                  ],
                  "vnet_c2c": "string",
                  "vnet_c2c_name": "string",
                  "vnet_cde": "string",
                  "vnet_cde_name": "string",
                  "vnet_oos": "string",
                  "vnet_oos_name": "string"
                }
              ]
            },
            "workspace": null
          },
          "sensitive_attributes": []
        }
      ]
    }
  ],
  "check_results": null
}
